// !$*UTF8*$!
{
	archiveVersion = 1;
	classes = {
	};
	objectVersion = 55;
	objects = {

/* Begin PBXBuildFile section */
		A20266A92A2BF84C00445C87 /* ServicesViewController.swift in Sources */ = {isa = PBXBuildFile; fileRef = A20266A82A2BF84C00445C87 /* ServicesViewController.swift */; };
		A21055082A40D75D00B69BD9 /* SummaryOrderViewController.swift in Sources */ = {isa = PBXBuildFile; fileRef = A21055072A40D75D00B69BD9 /* SummaryOrderViewController.swift */; };
		A210550A2A40DC6500B69BD9 /* ZeroViewController.swift in Sources */ = {isa = PBXBuildFile; fileRef = A21055092A40DC6500B69BD9 /* ZeroViewController.swift */; };
		A210550C2A40DCA100B69BD9 /* GoogleService-Info.plist in Resources */ = {isa = PBXBuildFile; fileRef = A210550B2A40DCA100B69BD9 /* GoogleService-Info.plist */; };
		A210550F2A40DFFD00B69BD9 /* FirebaseAuth in Frameworks */ = {isa = PBXBuildFile; productRef = A210550E2A40DFFD00B69BD9 /* FirebaseAuth */; };
		A21055112A40DFFD00B69BD9 /* FirebaseFirestore in Frameworks */ = {isa = PBXBuildFile; productRef = A21055102A40DFFD00B69BD9 /* FirebaseFirestore */; };
		A21055132A40DFFD00B69BD9 /* FirebaseFirestoreSwift in Frameworks */ = {isa = PBXBuildFile; productRef = A21055122A40DFFD00B69BD9 /* FirebaseFirestoreSwift */; };
		A21055162A40F73F00B69BD9 /* LoginViewController.swift in Sources */ = {isa = PBXBuildFile; fileRef = A21055152A40F73F00B69BD9 /* LoginViewController.swift */; };
		A21055182A40F75700B69BD9 /* RegisterViewController.swift in Sources */ = {isa = PBXBuildFile; fileRef = A21055172A40F75700B69BD9 /* RegisterViewController.swift */; };
		A217328E2A522025007209B7 /* CzysteAutoTests.swift in Sources */ = {isa = PBXBuildFile; fileRef = A217328D2A522025007209B7 /* CzysteAutoTests.swift */; };
		A24BA7992B869E7D000625CA /* CellInListOfServices.swift in Sources */ = {isa = PBXBuildFile; fileRef = A24BA7982B869E7D000625CA /* CellInListOfServices.swift */; };
		A24BA7A12B87BCF9000625CA /* FactoriesCartViewController.swift in Sources */ = {isa = PBXBuildFile; fileRef = A24BA7A02B87BCF9000625CA /* FactoriesCartViewController.swift */; };
		A25894062B790629004F89B7 /* FactoriesClubViewController.swift in Sources */ = {isa = PBXBuildFile; fileRef = A25894052B790629004F89B7 /* FactoriesClubViewController.swift */; };
		A26C04072B0EA71600BDE2D0 /* VibrationManager.swift in Sources */ = {isa = PBXBuildFile; fileRef = A26C04062B0EA71600BDE2D0 /* VibrationManager.swift */; };
		A2A9F35E2A48EEAA00D210A6 /* Service.swift in Sources */ = {isa = PBXBuildFile; fileRef = A2A9F35D2A48EEAA00D210A6 /* Service.swift */; };
		A2AD701E2AD2BE31008ADF02 /* ClubViewModel.swift in Sources */ = {isa = PBXBuildFile; fileRef = A2AD701D2AD2BE31008ADF02 /* ClubViewModel.swift */; };
		A2AD70212AD2BE91008ADF02 /* OrdersViewModel.swift in Sources */ = {isa = PBXBuildFile; fileRef = A2AD70202AD2BE91008ADF02 /* OrdersViewModel.swift */; };
		A2AD70252AD2C044008ADF02 /* CustomCellForOrders.swift in Sources */ = {isa = PBXBuildFile; fileRef = A2AD70242AD2C044008ADF02 /* CustomCellForOrders.swift */; };
		A2AD70282AD30EAB008ADF02 /* FinalSummaryViewModel.swift in Sources */ = {isa = PBXBuildFile; fileRef = A2AD70272AD30EAB008ADF02 /* FinalSummaryViewModel.swift */; };
		A2C990B12A72C42300514C75 /* CheckPhoneNumberViewController.swift in Sources */ = {isa = PBXBuildFile; fileRef = A2C990B02A72C42300514C75 /* CheckPhoneNumberViewController.swift */; };
		A2D7952A2A1AD5600013FA3B /* AppDelegate.swift in Sources */ = {isa = PBXBuildFile; fileRef = A2D795292A1AD5600013FA3B /* AppDelegate.swift */; };
		A2D7952C2A1AD5600013FA3B /* SceneDelegate.swift in Sources */ = {isa = PBXBuildFile; fileRef = A2D7952B2A1AD5600013FA3B /* SceneDelegate.swift */; };
		A2D795312A1AD5600013FA3B /* Main.storyboard in Resources */ = {isa = PBXBuildFile; fileRef = A2D7952F2A1AD5600013FA3B /* Main.storyboard */; };
		A2D795332A1AD5630013FA3B /* Assets.xcassets in Resources */ = {isa = PBXBuildFile; fileRef = A2D795322A1AD5630013FA3B /* Assets.xcassets */; };
		A2D795362A1AD5630013FA3B /* LaunchScreen.storyboard in Resources */ = {isa = PBXBuildFile; fileRef = A2D795342A1AD5630013FA3B /* LaunchScreen.storyboard */; };
		A2D7953E2A1AD9220013FA3B /* TabBarController.swift in Sources */ = {isa = PBXBuildFile; fileRef = A2D7953D2A1AD9220013FA3B /* TabBarController.swift */; };
		A2D795402A1AED650013FA3B /* SettingsViewController.swift in Sources */ = {isa = PBXBuildFile; fileRef = A2D7953F2A1AED650013FA3B /* SettingsViewController.swift */; };
		A2D795442A1AF9AD0013FA3B /* CleanCarViewController.swift in Sources */ = {isa = PBXBuildFile; fileRef = A2D795432A1AF9AD0013FA3B /* CleanCarViewController.swift */; };
		A2D7954A2A1B01860013FA3B /* CartViewController.swift in Sources */ = {isa = PBXBuildFile; fileRef = A2D795492A1B01860013FA3B /* CartViewController.swift */; };
		A2E050EF2A45FA3A00462A81 /* FinalSummaryViewController.swift in Sources */ = {isa = PBXBuildFile; fileRef = A2E050EE2A45FA3A00462A81 /* FinalSummaryViewController.swift */; };
		A2E050F12A46156100462A81 /* UserData.swift in Sources */ = {isa = PBXBuildFile; fileRef = A2E050F02A46156100462A81 /* UserData.swift */; };
		A2E050F32A46162000462A81 /* FirebaseService.swift in Sources */ = {isa = PBXBuildFile; fileRef = A2E050F22A46162000462A81 /* FirebaseService.swift */; };
		A2E067CF2AC033FB0026544C /* CleanCarViewModel.swift in Sources */ = {isa = PBXBuildFile; fileRef = A2E067CE2AC033FB0026544C /* CleanCarViewModel.swift */; };
		A2E3CAB72ABB0A9900898A64 /* LoginViewModel.swift in Sources */ = {isa = PBXBuildFile; fileRef = A2E3CAB62ABB0A9900898A64 /* LoginViewModel.swift */; };
		A2E3CABA2ABF2B7200898A64 /* RegisterViewModel.swift in Sources */ = {isa = PBXBuildFile; fileRef = A2E3CAB92ABF2B7200898A64 /* RegisterViewModel.swift */; };
		A2E58BAE2B74084400BD2D4F /* ZeroViewModel.swift in Sources */ = {isa = PBXBuildFile; fileRef = A2E58BAD2B74084400BD2D4F /* ZeroViewModel.swift */; };
		A2E58BB52B74106C00BD2D4F /* ClubViewController.swift in Sources */ = {isa = PBXBuildFile; fileRef = A2E58BB42B74106C00BD2D4F /* ClubViewController.swift */; };
		A2F5B48D2AB0F9AE00E200BF /* FirebaseFirestore in Frameworks */ = {isa = PBXBuildFile; productRef = A2F5B48C2AB0F9AE00E200BF /* FirebaseFirestore */; };
		A2F5B48F2AB0F9C500E200BF /* FirebaseAuth in Frameworks */ = {isa = PBXBuildFile; productRef = A2F5B48E2AB0F9C500E200BF /* FirebaseAuth */; };
		A2F7C86D2AB2499C00BC7F3D /* CzysteAutoUITests.swift in Sources */ = {isa = PBXBuildFile; fileRef = A2F7C86C2AB2499C00BC7F3D /* CzysteAutoUITests.swift */; };
		A2F7C86F2AB2499C00BC7F3D /* CzysteAutoUITestsLaunchTests.swift in Sources */ = {isa = PBXBuildFile; fileRef = A2F7C86E2AB2499C00BC7F3D /* CzysteAutoUITestsLaunchTests.swift */; };
		A2F88A142A1BC9A5008674AD /* ProfileViewController.swift in Sources */ = {isa = PBXBuildFile; fileRef = A2F88A132A1BC9A5008674AD /* ProfileViewController.swift */; };
		A2F88A162A1BF030008674AD /* Extensions.swift in Sources */ = {isa = PBXBuildFile; fileRef = A2F88A152A1BF030008674AD /* Extensions.swift */; };
		A2FE12A22AD17C8100134CF3 /* CustomCell.swift in Sources */ = {isa = PBXBuildFile; fileRef = A2FE12A12AD17C8100134CF3 /* CustomCell.swift */; };
/* End PBXBuildFile section */

/* Begin PBXContainerItemProxy section */
		A217328F2A522025007209B7 /* PBXContainerItemProxy */ = {
			isa = PBXContainerItemProxy;
			containerPortal = A2D7951E2A1AD5600013FA3B /* Project object */;
			proxyType = 1;
			remoteGlobalIDString = A2D795252A1AD5600013FA3B;
			remoteInfo = "Czyste Auto";
		};
		A2F7C8702AB2499C00BC7F3D /* PBXContainerItemProxy */ = {
			isa = PBXContainerItemProxy;
			containerPortal = A2D7951E2A1AD5600013FA3B /* Project object */;
			proxyType = 1;
			remoteGlobalIDString = A2D795252A1AD5600013FA3B;
			remoteInfo = "Czyste Auto";
		};
/* End PBXContainerItemProxy section */

/* Begin PBXFileReference section */
		A20266A82A2BF84C00445C87 /* ServicesViewController.swift */ = {isa = PBXFileReference; lastKnownFileType = sourcecode.swift; path = ServicesViewController.swift; sourceTree = "<group>"; };
		A21055072A40D75D00B69BD9 /* SummaryOrderViewController.swift */ = {isa = PBXFileReference; lastKnownFileType = sourcecode.swift; path = SummaryOrderViewController.swift; sourceTree = "<group>"; };
		A21055092A40DC6500B69BD9 /* ZeroViewController.swift */ = {isa = PBXFileReference; lastKnownFileType = sourcecode.swift; path = ZeroViewController.swift; sourceTree = "<group>"; };
		A210550B2A40DCA100B69BD9 /* GoogleService-Info.plist */ = {isa = PBXFileReference; fileEncoding = 4; lastKnownFileType = text.plist.xml; path = "GoogleService-Info.plist"; sourceTree = "<group>"; };
		A21055152A40F73F00B69BD9 /* LoginViewController.swift */ = {isa = PBXFileReference; lastKnownFileType = sourcecode.swift; path = LoginViewController.swift; sourceTree = "<group>"; };
		A21055172A40F75700B69BD9 /* RegisterViewController.swift */ = {isa = PBXFileReference; lastKnownFileType = sourcecode.swift; path = RegisterViewController.swift; sourceTree = "<group>"; };
		A217328B2A522025007209B7 /* CzysteAutoTests.xctest */ = {isa = PBXFileReference; explicitFileType = wrapper.cfbundle; includeInIndex = 0; path = CzysteAutoTests.xctest; sourceTree = BUILT_PRODUCTS_DIR; };
		A217328D2A522025007209B7 /* CzysteAutoTests.swift */ = {isa = PBXFileReference; lastKnownFileType = sourcecode.swift; path = CzysteAutoTests.swift; sourceTree = "<group>"; };
		A24BA7982B869E7D000625CA /* CellInListOfServices.swift */ = {isa = PBXFileReference; lastKnownFileType = sourcecode.swift; path = CellInListOfServices.swift; sourceTree = "<group>"; };
		A24BA7A02B87BCF9000625CA /* FactoriesCartViewController.swift */ = {isa = PBXFileReference; lastKnownFileType = sourcecode.swift; path = FactoriesCartViewController.swift; sourceTree = "<group>"; };
		A25894052B790629004F89B7 /* FactoriesClubViewController.swift */ = {isa = PBXFileReference; lastKnownFileType = sourcecode.swift; path = FactoriesClubViewController.swift; sourceTree = "<group>"; };
		A26C04062B0EA71600BDE2D0 /* VibrationManager.swift */ = {isa = PBXFileReference; lastKnownFileType = sourcecode.swift; path = VibrationManager.swift; sourceTree = "<group>"; };
		A2A9F35D2A48EEAA00D210A6 /* Service.swift */ = {isa = PBXFileReference; lastKnownFileType = sourcecode.swift; path = Service.swift; sourceTree = "<group>"; };
		A2AD701D2AD2BE31008ADF02 /* ClubViewModel.swift */ = {isa = PBXFileReference; lastKnownFileType = sourcecode.swift; path = ClubViewModel.swift; sourceTree = "<group>"; };
		A2AD70202AD2BE91008ADF02 /* OrdersViewModel.swift */ = {isa = PBXFileReference; lastKnownFileType = sourcecode.swift; path = OrdersViewModel.swift; sourceTree = "<group>"; };
		A2AD70242AD2C044008ADF02 /* CustomCellForOrders.swift */ = {isa = PBXFileReference; lastKnownFileType = sourcecode.swift; path = CustomCellForOrders.swift; sourceTree = "<group>"; };
		A2AD70272AD30EAB008ADF02 /* FinalSummaryViewModel.swift */ = {isa = PBXFileReference; lastKnownFileType = sourcecode.swift; path = FinalSummaryViewModel.swift; sourceTree = "<group>"; };
		A2C990B02A72C42300514C75 /* CheckPhoneNumberViewController.swift */ = {isa = PBXFileReference; lastKnownFileType = sourcecode.swift; path = CheckPhoneNumberViewController.swift; sourceTree = "<group>"; };
		A2D795262A1AD5600013FA3B /* Czyste Auto.app */ = {isa = PBXFileReference; explicitFileType = wrapper.application; includeInIndex = 0; path = "Czyste Auto.app"; sourceTree = BUILT_PRODUCTS_DIR; };
		A2D795292A1AD5600013FA3B /* AppDelegate.swift */ = {isa = PBXFileReference; lastKnownFileType = sourcecode.swift; path = AppDelegate.swift; sourceTree = "<group>"; };
		A2D7952B2A1AD5600013FA3B /* SceneDelegate.swift */ = {isa = PBXFileReference; lastKnownFileType = sourcecode.swift; path = SceneDelegate.swift; sourceTree = "<group>"; };
		A2D795302A1AD5600013FA3B /* Base */ = {isa = PBXFileReference; lastKnownFileType = file.storyboard; name = Base; path = Base.lproj/Main.storyboard; sourceTree = "<group>"; };
		A2D795322A1AD5630013FA3B /* Assets.xcassets */ = {isa = PBXFileReference; lastKnownFileType = folder.assetcatalog; path = Assets.xcassets; sourceTree = "<group>"; };
		A2D795352A1AD5630013FA3B /* Base */ = {isa = PBXFileReference; lastKnownFileType = file.storyboard; name = Base; path = Base.lproj/LaunchScreen.storyboard; sourceTree = "<group>"; };
		A2D795372A1AD5630013FA3B /* Info.plist */ = {isa = PBXFileReference; lastKnownFileType = text.plist.xml; path = Info.plist; sourceTree = "<group>"; };
		A2D7953D2A1AD9220013FA3B /* TabBarController.swift */ = {isa = PBXFileReference; lastKnownFileType = sourcecode.swift; path = TabBarController.swift; sourceTree = "<group>"; };
		A2D7953F2A1AED650013FA3B /* SettingsViewController.swift */ = {isa = PBXFileReference; lastKnownFileType = sourcecode.swift; path = SettingsViewController.swift; sourceTree = "<group>"; };
		A2D795432A1AF9AD0013FA3B /* CleanCarViewController.swift */ = {isa = PBXFileReference; lastKnownFileType = sourcecode.swift; path = CleanCarViewController.swift; sourceTree = "<group>"; };
		A2D795492A1B01860013FA3B /* CartViewController.swift */ = {isa = PBXFileReference; lastKnownFileType = sourcecode.swift; path = CartViewController.swift; sourceTree = "<group>"; };
		A2E050EE2A45FA3A00462A81 /* FinalSummaryViewController.swift */ = {isa = PBXFileReference; lastKnownFileType = sourcecode.swift; path = FinalSummaryViewController.swift; sourceTree = "<group>"; };
		A2E050F02A46156100462A81 /* UserData.swift */ = {isa = PBXFileReference; lastKnownFileType = sourcecode.swift; path = UserData.swift; sourceTree = "<group>"; };
		A2E050F22A46162000462A81 /* FirebaseService.swift */ = {isa = PBXFileReference; lastKnownFileType = sourcecode.swift; path = FirebaseService.swift; sourceTree = "<group>"; };
		A2E067CE2AC033FB0026544C /* CleanCarViewModel.swift */ = {isa = PBXFileReference; lastKnownFileType = sourcecode.swift; path = CleanCarViewModel.swift; sourceTree = "<group>"; };
		A2E3CAB62ABB0A9900898A64 /* LoginViewModel.swift */ = {isa = PBXFileReference; lastKnownFileType = sourcecode.swift; path = LoginViewModel.swift; sourceTree = "<group>"; };
		A2E3CAB92ABF2B7200898A64 /* RegisterViewModel.swift */ = {isa = PBXFileReference; lastKnownFileType = sourcecode.swift; path = RegisterViewModel.swift; sourceTree = "<group>"; };
		A2E58BAD2B74084400BD2D4F /* ZeroViewModel.swift */ = {isa = PBXFileReference; lastKnownFileType = sourcecode.swift; path = ZeroViewModel.swift; sourceTree = "<group>"; };
		A2E58BB42B74106C00BD2D4F /* ClubViewController.swift */ = {isa = PBXFileReference; lastKnownFileType = sourcecode.swift; path = ClubViewController.swift; sourceTree = "<group>"; };
		A2F7C86A2AB2499C00BC7F3D /* CzysteAutoUITests.xctest */ = {isa = PBXFileReference; explicitFileType = wrapper.cfbundle; includeInIndex = 0; path = CzysteAutoUITests.xctest; sourceTree = BUILT_PRODUCTS_DIR; };
		A2F7C86C2AB2499C00BC7F3D /* CzysteAutoUITests.swift */ = {isa = PBXFileReference; lastKnownFileType = sourcecode.swift; path = CzysteAutoUITests.swift; sourceTree = "<group>"; };
		A2F7C86E2AB2499C00BC7F3D /* CzysteAutoUITestsLaunchTests.swift */ = {isa = PBXFileReference; lastKnownFileType = sourcecode.swift; path = CzysteAutoUITestsLaunchTests.swift; sourceTree = "<group>"; };
		A2F88A132A1BC9A5008674AD /* ProfileViewController.swift */ = {isa = PBXFileReference; lastKnownFileType = sourcecode.swift; path = ProfileViewController.swift; sourceTree = "<group>"; };
		A2F88A152A1BF030008674AD /* Extensions.swift */ = {isa = PBXFileReference; lastKnownFileType = sourcecode.swift; path = Extensions.swift; sourceTree = "<group>"; };
		A2FE12A12AD17C8100134CF3 /* CustomCell.swift */ = {isa = PBXFileReference; lastKnownFileType = sourcecode.swift; path = CustomCell.swift; sourceTree = "<group>"; };
/* End PBXFileReference section */

/* Begin PBXFrameworksBuildPhase section */
		A21732882A522025007209B7 /* Frameworks */ = {
			isa = PBXFrameworksBuildPhase;
			buildActionMask = 2147483647;
			files = (
				A2F5B48D2AB0F9AE00E200BF /* FirebaseFirestore in Frameworks */,
				A2F5B48F2AB0F9C500E200BF /* FirebaseAuth in Frameworks */,
			);
			runOnlyForDeploymentPostprocessing = 0;
		};
		A2D795232A1AD5600013FA3B /* Frameworks */ = {
			isa = PBXFrameworksBuildPhase;
			buildActionMask = 2147483647;
			files = (
				A210550F2A40DFFD00B69BD9 /* FirebaseAuth in Frameworks */,
				A21055112A40DFFD00B69BD9 /* FirebaseFirestore in Frameworks */,
				A21055132A40DFFD00B69BD9 /* FirebaseFirestoreSwift in Frameworks */,
			);
			runOnlyForDeploymentPostprocessing = 0;
		};
		A2F7C8672AB2499C00BC7F3D /* Frameworks */ = {
			isa = PBXFrameworksBuildPhase;
			buildActionMask = 2147483647;
			files = (
			);
			runOnlyForDeploymentPostprocessing = 0;
		};
/* End PBXFrameworksBuildPhase section */

/* Begin PBXGroup section */
		A217328C2A522025007209B7 /* CzysteAutoTests */ = {
			isa = PBXGroup;
			children = (
				A217328D2A522025007209B7 /* CzysteAutoTests.swift */,
			);
			path = CzysteAutoTests;
			sourceTree = "<group>";
		};
		A2431B7C2A201A0600FF807E /* Model */ = {
			isa = PBXGroup;
			children = (
				A2A9F35D2A48EEAA00D210A6 /* Service.swift */,
			);
			path = Model;
			sourceTree = "<group>";
		};
		A2431B7F2A201A9500FF807E /* Resources */ = {
			isa = PBXGroup;
			children = (
				A2D7952B2A1AD5600013FA3B /* SceneDelegate.swift */,
				A2D795292A1AD5600013FA3B /* AppDelegate.swift */,
				A2D795322A1AD5630013FA3B /* Assets.xcassets */,
				A2F88A152A1BF030008674AD /* Extensions.swift */,
				A2E050F02A46156100462A81 /* UserData.swift */,
				A2E050F22A46162000462A81 /* FirebaseService.swift */,
				A26C04062B0EA71600BDE2D0 /* VibrationManager.swift */,
			);
			path = Resources;
			sourceTree = "<group>";
		};
		A2431B802A201AA700FF807E /* Storyboards */ = {
			isa = PBXGroup;
			children = (
				A2D795342A1AD5630013FA3B /* LaunchScreen.storyboard */,
				A2D7952F2A1AD5600013FA3B /* Main.storyboard */,
			);
			path = Storyboards;
			sourceTree = "<group>";
		};
		A24BA79F2B87BC83000625CA /* Factories */ = {
			isa = PBXGroup;
			children = (
				A24BA7A02B87BCF9000625CA /* FactoriesCartViewController.swift */,
			);
			path = Factories;
			sourceTree = "<group>";
		};
		A26C54FB2B8287CA00FAD78C /* ListOfServices */ = {
			isa = PBXGroup;
			children = (
				A2FE12A12AD17C8100134CF3 /* CustomCell.swift */,
				A24BA7982B869E7D000625CA /* CellInListOfServices.swift */,
				A20266A82A2BF84C00445C87 /* ServicesViewController.swift */,
				A26C55032B8288EF00FAD78C /* ViewController */,
				A26C55022B8288E500FAD78C /* ViewModel */,
			);
			path = ListOfServices;
			sourceTree = "<group>";
		};
		A26C54FC2B82881A00FAD78C /* Login */ = {
			isa = PBXGroup;
			children = (
				A2C990B02A72C42300514C75 /* CheckPhoneNumberViewController.swift */,
				A26C54FE2B82882F00FAD78C /* ViewModel */,
				A26C54FD2B82882700FAD78C /* ViewController */,
			);
			path = Login;
			sourceTree = "<group>";
		};
		A26C54FD2B82882700FAD78C /* ViewController */ = {
			isa = PBXGroup;
			children = (
				A21055152A40F73F00B69BD9 /* LoginViewController.swift */,
			);
			path = ViewController;
			sourceTree = "<group>";
		};
		A26C54FE2B82882F00FAD78C /* ViewModel */ = {
			isa = PBXGroup;
			children = (
				A2E3CAB62ABB0A9900898A64 /* LoginViewModel.swift */,
			);
			path = ViewModel;
			sourceTree = "<group>";
		};
		A26C54FF2B82884700FAD78C /* Register */ = {
			isa = PBXGroup;
			children = (
				A26C55012B82887600FAD78C /* ViewController */,
				A26C55002B82886F00FAD78C /* ViewModel */,
			);
			path = Register;
			sourceTree = "<group>";
		};
		A26C55002B82886F00FAD78C /* ViewModel */ = {
			isa = PBXGroup;
			children = (
				A2E3CAB92ABF2B7200898A64 /* RegisterViewModel.swift */,
			);
			path = ViewModel;
			sourceTree = "<group>";
		};
		A26C55012B82887600FAD78C /* ViewController */ = {
			isa = PBXGroup;
			children = (
				A21055172A40F75700B69BD9 /* RegisterViewController.swift */,
			);
			path = ViewController;
			sourceTree = "<group>";
		};
		A26C55022B8288E500FAD78C /* ViewModel */ = {
			isa = PBXGroup;
			children = (
				A2E067CE2AC033FB0026544C /* CleanCarViewModel.swift */,
			);
			path = ViewModel;
			sourceTree = "<group>";
		};
		A26C55032B8288EF00FAD78C /* ViewController */ = {
			isa = PBXGroup;
			children = (
				A2D795432A1AF9AD0013FA3B /* CleanCarViewController.swift */,
			);
			path = ViewController;
			sourceTree = "<group>";
		};
		A26C55042B82894800FAD78C /* Cart */ = {
			isa = PBXGroup;
			children = (
				A24BA79F2B87BC83000625CA /* Factories */,
				A26C55062B82896900FAD78C /* ViewModel */,
				A26C55052B82896200FAD78C /* ViewController */,
			);
			path = Cart;
			sourceTree = "<group>";
		};
		A26C55052B82896200FAD78C /* ViewController */ = {
			isa = PBXGroup;
			children = (
				A2D795492A1B01860013FA3B /* CartViewController.swift */,
				A21055072A40D75D00B69BD9 /* SummaryOrderViewController.swift */,
				A2E050EE2A45FA3A00462A81 /* FinalSummaryViewController.swift */,
				A2AD70242AD2C044008ADF02 /* CustomCellForOrders.swift */,
			);
			path = ViewController;
			sourceTree = "<group>";
		};
		A26C55062B82896900FAD78C /* ViewModel */ = {
			isa = PBXGroup;
			children = (
				A2AD70202AD2BE91008ADF02 /* OrdersViewModel.swift */,
				A2AD70272AD30EAB008ADF02 /* FinalSummaryViewModel.swift */,
			);
			path = ViewModel;
			sourceTree = "<group>";
		};
		A26C55072B8289D800FAD78C /* ViewController */ = {
			isa = PBXGroup;
			children = (
				A2E58BB42B74106C00BD2D4F /* ClubViewController.swift */,
			);
			path = ViewController;
			sourceTree = "<group>";
		};
		A26C55082B8289F700FAD78C /* Profile */ = {
			isa = PBXGroup;
			children = (
				A26C550A2B828A0400FAD78C /* ProfileViewModel */,
				A26C55092B8289FE00FAD78C /* ProfileViewController */,
			);
			path = Profile;
			sourceTree = "<group>";
		};
		A26C55092B8289FE00FAD78C /* ProfileViewController */ = {
			isa = PBXGroup;
			children = (
				A2F88A132A1BC9A5008674AD /* ProfileViewController.swift */,
			);
			path = ProfileViewController;
			sourceTree = "<group>";
		};
		A26C550A2B828A0400FAD78C /* ProfileViewModel */ = {
			isa = PBXGroup;
			children = (
			);
			path = ProfileViewModel;
			sourceTree = "<group>";
		};
		A26C550B2B828A2A00FAD78C /* Settings */ = {
			isa = PBXGroup;
			children = (
				A26C550C2B828A3300FAD78C /* ViewController */,
			);
			path = Settings;
			sourceTree = "<group>";
		};
		A26C550C2B828A3300FAD78C /* ViewController */ = {
			isa = PBXGroup;
			children = (
				A2D7953F2A1AED650013FA3B /* SettingsViewController.swift */,
			);
			path = ViewController;
			sourceTree = "<group>";
		};
		A26C550D2B828A5700FAD78C /* ViewController */ = {
			isa = PBXGroup;
			children = (
				A21055092A40DC6500B69BD9 /* ZeroViewController.swift */,
			);
			path = ViewController;
			sourceTree = "<group>";
		};
		A26C550E2B828A5D00FAD78C /* ViewModel */ = {
			isa = PBXGroup;
			children = (
				A2E58BAD2B74084400BD2D4F /* ZeroViewModel.swift */,
			);
			path = ViewModel;
			sourceTree = "<group>";
		};
		A26C550F2B828A7000FAD78C /* ViewModel */ = {
			isa = PBXGroup;
			children = (
				A2AD701D2AD2BE31008ADF02 /* ClubViewModel.swift */,
			);
			path = ViewModel;
			sourceTree = "<group>";
		};
		A26C55102B828A8300FAD78C /* Factories */ = {
			isa = PBXGroup;
			children = (
				A25894052B790629004F89B7 /* FactoriesClubViewController.swift */,
			);
			path = Factories;
			sourceTree = "<group>";
		};
		A2AD701B2AD2BDF1008ADF02 /* Club */ = {
			isa = PBXGroup;
			children = (
				A26C55102B828A8300FAD78C /* Factories */,
				A26C550F2B828A7000FAD78C /* ViewModel */,
				A26C55072B8289D800FAD78C /* ViewController */,
			);
			path = Club;
			sourceTree = "<group>";
		};
		A2D7951D2A1AD5600013FA3B = {
			isa = PBXGroup;
			children = (
				A2D795282A1AD5600013FA3B /* Czyste Auto */,
				A217328C2A522025007209B7 /* CzysteAutoTests */,
				A2F7C86B2AB2499C00BC7F3D /* CzysteAutoUITests */,
				A2D795272A1AD5600013FA3B /* Products */,
			);
			sourceTree = "<group>";
		};
		A2D795272A1AD5600013FA3B /* Products */ = {
			isa = PBXGroup;
			children = (
				A2D795262A1AD5600013FA3B /* Czyste Auto.app */,
				A217328B2A522025007209B7 /* CzysteAutoTests.xctest */,
				A2F7C86A2AB2499C00BC7F3D /* CzysteAutoUITests.xctest */,
			);
			name = Products;
			sourceTree = "<group>";
		};
		A2D795282A1AD5600013FA3B /* Czyste Auto */ = {
			isa = PBXGroup;
			children = (
				A2D795372A1AD5630013FA3B /* Info.plist */,
				A210550B2A40DCA100B69BD9 /* GoogleService-Info.plist */,
				A2431B7F2A201A9500FF807E /* Resources */,
				A2431B7C2A201A0600FF807E /* Model */,
				A2FE129D2ACF5D0000134CF3 /* Scenes */,
			);
			path = "Czyste Auto";
			sourceTree = "<group>";
		};
		A2E58BAF2B740EF700BD2D4F /* Zero */ = {
			isa = PBXGroup;
			children = (
				A26C550E2B828A5D00FAD78C /* ViewModel */,
				A26C550D2B828A5700FAD78C /* ViewController */,
			);
			path = Zero;
			sourceTree = "<group>";
		};
		A2F7C86B2AB2499C00BC7F3D /* CzysteAutoUITests */ = {
			isa = PBXGroup;
			children = (
				A2F7C86C2AB2499C00BC7F3D /* CzysteAutoUITests.swift */,
				A2F7C86E2AB2499C00BC7F3D /* CzysteAutoUITestsLaunchTests.swift */,
			);
			path = CzysteAutoUITests;
			sourceTree = "<group>";
		};
		A2FE129D2ACF5D0000134CF3 /* Scenes */ = {
			isa = PBXGroup;
			children = (
				A2431B802A201AA700FF807E /* Storyboards */,
				A2E58BAF2B740EF700BD2D4F /* Zero */,
				A2D7953D2A1AD9220013FA3B /* TabBarController.swift */,
				A26C54FF2B82884700FAD78C /* Register */,
				A26C54FC2B82881A00FAD78C /* Login */,
				A26C54FB2B8287CA00FAD78C /* ListOfServices */,
				A26C55042B82894800FAD78C /* Cart */,
				A2AD701B2AD2BDF1008ADF02 /* Club */,
				A26C55082B8289F700FAD78C /* Profile */,
				A26C550B2B828A2A00FAD78C /* Settings */,
			);
			path = Scenes;
			sourceTree = "<group>";
		};
/* End PBXGroup section */

/* Begin PBXNativeTarget section */
		A217328A2A522025007209B7 /* CzysteAutoTests */ = {
			isa = PBXNativeTarget;
			buildConfigurationList = A21732932A522025007209B7 /* Build configuration list for PBXNativeTarget "CzysteAutoTests" */;
			buildPhases = (
				A21732872A522025007209B7 /* Sources */,
				A21732882A522025007209B7 /* Frameworks */,
				A21732892A522025007209B7 /* Resources */,
			);
			buildRules = (
			);
			dependencies = (
				A21732902A522025007209B7 /* PBXTargetDependency */,
			);
			name = CzysteAutoTests;
			packageProductDependencies = (
				A2F5B48C2AB0F9AE00E200BF /* FirebaseFirestore */,
				A2F5B48E2AB0F9C500E200BF /* FirebaseAuth */,
			);
			productName = CzysteAutoTests;
			productReference = A217328B2A522025007209B7 /* CzysteAutoTests.xctest */;
			productType = "com.apple.product-type.bundle.unit-test";
		};
		A2D795252A1AD5600013FA3B /* Czyste Auto */ = {
			isa = PBXNativeTarget;
			buildConfigurationList = A2D7953A2A1AD5630013FA3B /* Build configuration list for PBXNativeTarget "Czyste Auto" */;
			buildPhases = (
				A2D795222A1AD5600013FA3B /* Sources */,
				A2D795232A1AD5600013FA3B /* Frameworks */,
				A2D795242A1AD5600013FA3B /* Resources */,
			);
			buildRules = (
			);
			dependencies = (
			);
			name = "Czyste Auto";
			packageProductDependencies = (
				A210550E2A40DFFD00B69BD9 /* FirebaseAuth */,
				A21055102A40DFFD00B69BD9 /* FirebaseFirestore */,
				A21055122A40DFFD00B69BD9 /* FirebaseFirestoreSwift */,
			);
			productName = "Czyste Auto";
			productReference = A2D795262A1AD5600013FA3B /* Czyste Auto.app */;
			productType = "com.apple.product-type.application";
		};
		A2F7C8692AB2499C00BC7F3D /* CzysteAutoUITests */ = {
			isa = PBXNativeTarget;
			buildConfigurationList = A2F7C8742AB2499C00BC7F3D /* Build configuration list for PBXNativeTarget "CzysteAutoUITests" */;
			buildPhases = (
				A2F7C8662AB2499C00BC7F3D /* Sources */,
				A2F7C8672AB2499C00BC7F3D /* Frameworks */,
				A2F7C8682AB2499C00BC7F3D /* Resources */,
			);
			buildRules = (
			);
			dependencies = (
				A2F7C8712AB2499C00BC7F3D /* PBXTargetDependency */,
			);
			name = CzysteAutoUITests;
			productName = CzysteAutoUITests;
			productReference = A2F7C86A2AB2499C00BC7F3D /* CzysteAutoUITests.xctest */;
			productType = "com.apple.product-type.bundle.ui-testing";
		};
/* End PBXNativeTarget section */

/* Begin PBXProject section */
		A2D7951E2A1AD5600013FA3B /* Project object */ = {
			isa = PBXProject;
			attributes = {
				BuildIndependentTargetsInParallel = 1;
				LastSwiftUpdateCheck = 1430;
				LastUpgradeCheck = 1340;
				TargetAttributes = {
					A217328A2A522025007209B7 = {
						CreatedOnToolsVersion = 14.2;
						TestTargetID = A2D795252A1AD5600013FA3B;
					};
					A2D795252A1AD5600013FA3B = {
						CreatedOnToolsVersion = 13.4;
					};
					A2F7C8692AB2499C00BC7F3D = {
						CreatedOnToolsVersion = 14.3.1;
						TestTargetID = A2D795252A1AD5600013FA3B;
					};
				};
			};
			buildConfigurationList = A2D795212A1AD5600013FA3B /* Build configuration list for PBXProject "Czyste Auto" */;
			compatibilityVersion = "Xcode 13.0";
			developmentRegion = en;
			hasScannedForEncodings = 0;
			knownRegions = (
				en,
				Base,
			);
			mainGroup = A2D7951D2A1AD5600013FA3B;
			packageReferences = (
				A210550D2A40DFFC00B69BD9 /* XCRemoteSwiftPackageReference "firebase-ios-sdk" */,
			);
			productRefGroup = A2D795272A1AD5600013FA3B /* Products */;
			projectDirPath = "";
			projectRoot = "";
			targets = (
				A2D795252A1AD5600013FA3B /* Czyste Auto */,
				A217328A2A522025007209B7 /* CzysteAutoTests */,
				A2F7C8692AB2499C00BC7F3D /* CzysteAutoUITests */,
			);
		};
/* End PBXProject section */

/* Begin PBXResourcesBuildPhase section */
		A21732892A522025007209B7 /* Resources */ = {
			isa = PBXResourcesBuildPhase;
			buildActionMask = 2147483647;
			files = (
			);
			runOnlyForDeploymentPostprocessing = 0;
		};
		A2D795242A1AD5600013FA3B /* Resources */ = {
			isa = PBXResourcesBuildPhase;
			buildActionMask = 2147483647;
			files = (
				A2D795362A1AD5630013FA3B /* LaunchScreen.storyboard in Resources */,
				A210550C2A40DCA100B69BD9 /* GoogleService-Info.plist in Resources */,
				A2D795332A1AD5630013FA3B /* Assets.xcassets in Resources */,
				A2D795312A1AD5600013FA3B /* Main.storyboard in Resources */,
			);
			runOnlyForDeploymentPostprocessing = 0;
		};
		A2F7C8682AB2499C00BC7F3D /* Resources */ = {
			isa = PBXResourcesBuildPhase;
			buildActionMask = 2147483647;
			files = (
			);
			runOnlyForDeploymentPostprocessing = 0;
		};
/* End PBXResourcesBuildPhase section */

/* Begin PBXSourcesBuildPhase section */
		A21732872A522025007209B7 /* Sources */ = {
			isa = PBXSourcesBuildPhase;
			buildActionMask = 2147483647;
			files = (
				A217328E2A522025007209B7 /* CzysteAutoTests.swift in Sources */,
			);
			runOnlyForDeploymentPostprocessing = 0;
		};
		A2D795222A1AD5600013FA3B /* Sources */ = {
			isa = PBXSourcesBuildPhase;
			buildActionMask = 2147483647;
			files = (
				A2AD701E2AD2BE31008ADF02 /* ClubViewModel.swift in Sources */,
				A2F88A142A1BC9A5008674AD /* ProfileViewController.swift in Sources */,
				A2AD70282AD30EAB008ADF02 /* FinalSummaryViewModel.swift in Sources */,
				A2D7953E2A1AD9220013FA3B /* TabBarController.swift in Sources */,
				A2E067CF2AC033FB0026544C /* CleanCarViewModel.swift in Sources */,
				A2AD70212AD2BE91008ADF02 /* OrdersViewModel.swift in Sources */,
				A2D795442A1AF9AD0013FA3B /* CleanCarViewController.swift in Sources */,
				A2C990B12A72C42300514C75 /* CheckPhoneNumberViewController.swift in Sources */,
				A24BA7992B869E7D000625CA /* CellInListOfServices.swift in Sources */,
				A2AD70252AD2C044008ADF02 /* CustomCellForOrders.swift in Sources */,
				A25894062B790629004F89B7 /* FactoriesClubViewController.swift in Sources */,
				A2D7954A2A1B01860013FA3B /* CartViewController.swift in Sources */,
				A2E050F32A46162000462A81 /* FirebaseService.swift in Sources */,
				A26C04072B0EA71600BDE2D0 /* VibrationManager.swift in Sources */,
				A2E050EF2A45FA3A00462A81 /* FinalSummaryViewController.swift in Sources */,
				A24BA7A12B87BCF9000625CA /* FactoriesCartViewController.swift in Sources */,
				A21055082A40D75D00B69BD9 /* SummaryOrderViewController.swift in Sources */,
				A2D7952A2A1AD5600013FA3B /* AppDelegate.swift in Sources */,
				A2E58BAE2B74084400BD2D4F /* ZeroViewModel.swift in Sources */,
				A2E58BB52B74106C00BD2D4F /* ClubViewController.swift in Sources */,
				A2D795402A1AED650013FA3B /* SettingsViewController.swift in Sources */,
				A2A9F35E2A48EEAA00D210A6 /* Service.swift in Sources */,
				A2F88A162A1BF030008674AD /* Extensions.swift in Sources */,
				A21055182A40F75700B69BD9 /* RegisterViewController.swift in Sources */,
				A20266A92A2BF84C00445C87 /* ServicesViewController.swift in Sources */,
				A2E3CABA2ABF2B7200898A64 /* RegisterViewModel.swift in Sources */,
				A210550A2A40DC6500B69BD9 /* ZeroViewController.swift in Sources */,
				A2E050F12A46156100462A81 /* UserData.swift in Sources */,
				A21055162A40F73F00B69BD9 /* LoginViewController.swift in Sources */,
				A2D7952C2A1AD5600013FA3B /* SceneDelegate.swift in Sources */,
				A2FE12A22AD17C8100134CF3 /* CustomCell.swift in Sources */,
				A2E3CAB72ABB0A9900898A64 /* LoginViewModel.swift in Sources */,
			);
			runOnlyForDeploymentPostprocessing = 0;
		};
		A2F7C8662AB2499C00BC7F3D /* Sources */ = {
			isa = PBXSourcesBuildPhase;
			buildActionMask = 2147483647;
			files = (
				A2F7C86D2AB2499C00BC7F3D /* CzysteAutoUITests.swift in Sources */,
				A2F7C86F2AB2499C00BC7F3D /* CzysteAutoUITestsLaunchTests.swift in Sources */,
			);
			runOnlyForDeploymentPostprocessing = 0;
		};
/* End PBXSourcesBuildPhase section */

/* Begin PBXTargetDependency section */
		A21732902A522025007209B7 /* PBXTargetDependency */ = {
			isa = PBXTargetDependency;
			target = A2D795252A1AD5600013FA3B /* Czyste Auto */;
			targetProxy = A217328F2A522025007209B7 /* PBXContainerItemProxy */;
		};
		A2F7C8712AB2499C00BC7F3D /* PBXTargetDependency */ = {
			isa = PBXTargetDependency;
			target = A2D795252A1AD5600013FA3B /* Czyste Auto */;
			targetProxy = A2F7C8702AB2499C00BC7F3D /* PBXContainerItemProxy */;
		};
/* End PBXTargetDependency section */

/* Begin PBXVariantGroup section */
		A2D7952F2A1AD5600013FA3B /* Main.storyboard */ = {
			isa = PBXVariantGroup;
			children = (
				A2D795302A1AD5600013FA3B /* Base */,
			);
			name = Main.storyboard;
			sourceTree = "<group>";
		};
		A2D795342A1AD5630013FA3B /* LaunchScreen.storyboard */ = {
			isa = PBXVariantGroup;
			children = (
				A2D795352A1AD5630013FA3B /* Base */,
			);
			name = LaunchScreen.storyboard;
			sourceTree = "<group>";
		};
/* End PBXVariantGroup section */

/* Begin XCBuildConfiguration section */
		A21732912A522025007209B7 /* Debug */ = {
			isa = XCBuildConfiguration;
			buildSettings = {
				BUNDLE_LOADER = "$(TEST_HOST)";
				CLANG_CXX_LANGUAGE_STANDARD = "gnu++20";
				CODE_SIGN_STYLE = Automatic;
				CURRENT_PROJECT_VERSION = 1;
				DEVELOPMENT_TEAM = 323SMA9H24;
				GENERATE_INFOPLIST_FILE = YES;
				IPHONEOS_DEPLOYMENT_TARGET = 16.2;
				MARKETING_VERSION = 1.0;
				PRODUCT_BUNDLE_IDENTIFIER = adrianderdas.CzysteAutoTests;
				PRODUCT_NAME = "$(TARGET_NAME)";
				SWIFT_EMIT_LOC_STRINGS = NO;
				SWIFT_VERSION = 5.0;
				TARGETED_DEVICE_FAMILY = "1,2";
				TEST_HOST = "$(BUILT_PRODUCTS_DIR)/Czyste Auto.app/$(BUNDLE_EXECUTABLE_FOLDER_PATH)/Czyste Auto";
			};
			name = Debug;
		};
		A21732922A522025007209B7 /* Release */ = {
			isa = XCBuildConfiguration;
			buildSettings = {
				BUNDLE_LOADER = "$(TEST_HOST)";
				CLANG_CXX_LANGUAGE_STANDARD = "gnu++20";
				CODE_SIGN_STYLE = Automatic;
				CURRENT_PROJECT_VERSION = 1;
				DEVELOPMENT_TEAM = 323SMA9H24;
				GENERATE_INFOPLIST_FILE = YES;
				IPHONEOS_DEPLOYMENT_TARGET = 16.2;
				MARKETING_VERSION = 1.0;
				PRODUCT_BUNDLE_IDENTIFIER = adrianderdas.CzysteAutoTests;
				PRODUCT_NAME = "$(TARGET_NAME)";
				SWIFT_EMIT_LOC_STRINGS = NO;
				SWIFT_VERSION = 5.0;
				TARGETED_DEVICE_FAMILY = "1,2";
				TEST_HOST = "$(BUILT_PRODUCTS_DIR)/Czyste Auto.app/$(BUNDLE_EXECUTABLE_FOLDER_PATH)/Czyste Auto";
			};
			name = Release;
		};
		A2D795382A1AD5630013FA3B /* Debug */ = {
			isa = XCBuildConfiguration;
			buildSettings = {
				ALWAYS_SEARCH_USER_PATHS = NO;
				CLANG_ANALYZER_NONNULL = YES;
				CLANG_ANALYZER_NUMBER_OBJECT_CONVERSION = YES_AGGRESSIVE;
				CLANG_CXX_LANGUAGE_STANDARD = "gnu++17";
				CLANG_ENABLE_MODULES = YES;
				CLANG_ENABLE_OBJC_ARC = YES;
				CLANG_ENABLE_OBJC_WEAK = YES;
				CLANG_WARN_BLOCK_CAPTURE_AUTORELEASING = YES;
				CLANG_WARN_BOOL_CONVERSION = YES;
				CLANG_WARN_COMMA = YES;
				CLANG_WARN_CONSTANT_CONVERSION = YES;
				CLANG_WARN_DEPRECATED_OBJC_IMPLEMENTATIONS = YES;
				CLANG_WARN_DIRECT_OBJC_ISA_USAGE = YES_ERROR;
				CLANG_WARN_DOCUMENTATION_COMMENTS = YES;
				CLANG_WARN_EMPTY_BODY = YES;
				CLANG_WARN_ENUM_CONVERSION = YES;
				CLANG_WARN_INFINITE_RECURSION = YES;
				CLANG_WARN_INT_CONVERSION = YES;
				CLANG_WARN_NON_LITERAL_NULL_CONVERSION = YES;
				CLANG_WARN_OBJC_IMPLICIT_RETAIN_SELF = YES;
				CLANG_WARN_OBJC_LITERAL_CONVERSION = YES;
				CLANG_WARN_OBJC_ROOT_CLASS = YES_ERROR;
				CLANG_WARN_QUOTED_INCLUDE_IN_FRAMEWORK_HEADER = YES;
				CLANG_WARN_RANGE_LOOP_ANALYSIS = YES;
				CLANG_WARN_STRICT_PROTOTYPES = YES;
				CLANG_WARN_SUSPICIOUS_MOVE = YES;
				CLANG_WARN_UNGUARDED_AVAILABILITY = YES_AGGRESSIVE;
				CLANG_WARN_UNREACHABLE_CODE = YES;
				CLANG_WARN__DUPLICATE_METHOD_MATCH = YES;
				COPY_PHASE_STRIP = NO;
				DEBUG_INFORMATION_FORMAT = dwarf;
				ENABLE_STRICT_OBJC_MSGSEND = YES;
				ENABLE_TESTABILITY = YES;
				GCC_C_LANGUAGE_STANDARD = gnu11;
				GCC_DYNAMIC_NO_PIC = NO;
				GCC_NO_COMMON_BLOCKS = YES;
				GCC_OPTIMIZATION_LEVEL = 0;
				GCC_PREPROCESSOR_DEFINITIONS = (
					"DEBUG=1",
					"$(inherited)",
				);
				GCC_WARN_64_TO_32_BIT_CONVERSION = YES;
				GCC_WARN_ABOUT_RETURN_TYPE = YES_ERROR;
				GCC_WARN_UNDECLARED_SELECTOR = YES;
				GCC_WARN_UNINITIALIZED_AUTOS = YES_AGGRESSIVE;
				GCC_WARN_UNUSED_FUNCTION = YES;
				GCC_WARN_UNUSED_VARIABLE = YES;
				IPHONEOS_DEPLOYMENT_TARGET = 15.5;
				MTL_ENABLE_DEBUG_INFO = INCLUDE_SOURCE;
				MTL_FAST_MATH = YES;
				ONLY_ACTIVE_ARCH = YES;
				OTHER_LDFLAGS = (
					"-Xlinker",
					"-no_warn_duplicate_libraries",
				);
				SDKROOT = iphoneos;
				SWIFT_ACTIVE_COMPILATION_CONDITIONS = DEBUG;
				SWIFT_OPTIMIZATION_LEVEL = "-Onone";
			};
			name = Debug;
		};
		A2D795392A1AD5630013FA3B /* Release */ = {
			isa = XCBuildConfiguration;
			buildSettings = {
				ALWAYS_SEARCH_USER_PATHS = NO;
				CLANG_ANALYZER_NONNULL = YES;
				CLANG_ANALYZER_NUMBER_OBJECT_CONVERSION = YES_AGGRESSIVE;
				CLANG_CXX_LANGUAGE_STANDARD = "gnu++17";
				CLANG_ENABLE_MODULES = YES;
				CLANG_ENABLE_OBJC_ARC = YES;
				CLANG_ENABLE_OBJC_WEAK = YES;
				CLANG_WARN_BLOCK_CAPTURE_AUTORELEASING = YES;
				CLANG_WARN_BOOL_CONVERSION = YES;
				CLANG_WARN_COMMA = YES;
				CLANG_WARN_CONSTANT_CONVERSION = YES;
				CLANG_WARN_DEPRECATED_OBJC_IMPLEMENTATIONS = YES;
				CLANG_WARN_DIRECT_OBJC_ISA_USAGE = YES_ERROR;
				CLANG_WARN_DOCUMENTATION_COMMENTS = YES;
				CLANG_WARN_EMPTY_BODY = YES;
				CLANG_WARN_ENUM_CONVERSION = YES;
				CLANG_WARN_INFINITE_RECURSION = YES;
				CLANG_WARN_INT_CONVERSION = YES;
				CLANG_WARN_NON_LITERAL_NULL_CONVERSION = YES;
				CLANG_WARN_OBJC_IMPLICIT_RETAIN_SELF = YES;
				CLANG_WARN_OBJC_LITERAL_CONVERSION = YES;
				CLANG_WARN_OBJC_ROOT_CLASS = YES_ERROR;
				CLANG_WARN_QUOTED_INCLUDE_IN_FRAMEWORK_HEADER = YES;
				CLANG_WARN_RANGE_LOOP_ANALYSIS = YES;
				CLANG_WARN_STRICT_PROTOTYPES = YES;
				CLANG_WARN_SUSPICIOUS_MOVE = YES;
				CLANG_WARN_UNGUARDED_AVAILABILITY = YES_AGGRESSIVE;
				CLANG_WARN_UNREACHABLE_CODE = YES;
				CLANG_WARN__DUPLICATE_METHOD_MATCH = YES;
				COPY_PHASE_STRIP = NO;
				DEBUG_INFORMATION_FORMAT = "dwarf-with-dsym";
				ENABLE_NS_ASSERTIONS = NO;
				ENABLE_STRICT_OBJC_MSGSEND = YES;
				GCC_C_LANGUAGE_STANDARD = gnu11;
				GCC_NO_COMMON_BLOCKS = YES;
				GCC_WARN_64_TO_32_BIT_CONVERSION = YES;
				GCC_WARN_ABOUT_RETURN_TYPE = YES_ERROR;
				GCC_WARN_UNDECLARED_SELECTOR = YES;
				GCC_WARN_UNINITIALIZED_AUTOS = YES_AGGRESSIVE;
				GCC_WARN_UNUSED_FUNCTION = YES;
				GCC_WARN_UNUSED_VARIABLE = YES;
				IPHONEOS_DEPLOYMENT_TARGET = 15.5;
				MTL_ENABLE_DEBUG_INFO = NO;
				MTL_FAST_MATH = YES;
				OTHER_LDFLAGS = "-no_warn_duplicate_libraries";
				SDKROOT = iphoneos;
				SWIFT_COMPILATION_MODE = wholemodule;
				SWIFT_OPTIMIZATION_LEVEL = "-O";
				VALIDATE_PRODUCT = YES;
			};
			name = Release;
		};
		A2D7953B2A1AD5630013FA3B /* Debug */ = {
			isa = XCBuildConfiguration;
			buildSettings = {
				ASSETCATALOG_COMPILER_APPICON_NAME = AppIcon;
				ASSETCATALOG_COMPILER_GLOBAL_ACCENT_COLOR_NAME = AccentColor;
				CODE_SIGN_STYLE = Automatic;
				CURRENT_PROJECT_VERSION = 1;
				DEVELOPMENT_TEAM = 323SMA9H24;
				GENERATE_INFOPLIST_FILE = YES;
				INFOPLIST_FILE = "Czyste Auto/Info.plist";
				INFOPLIST_KEY_CFBundleDisplayName = "Czyste Auto";
				INFOPLIST_KEY_UIApplicationSupportsIndirectInputEvents = YES;
				INFOPLIST_KEY_UILaunchStoryboardName = LaunchScreen;
				INFOPLIST_KEY_UIMainStoryboardFile = Main;
				INFOPLIST_KEY_UISupportedInterfaceOrientations = UIInterfaceOrientationPortrait;
				INFOPLIST_KEY_UISupportedInterfaceOrientations_iPad = "UIInterfaceOrientationLandscapeLeft UIInterfaceOrientationLandscapeRight UIInterfaceOrientationPortrait UIInterfaceOrientationPortraitUpsideDown";
				IPHONEOS_DEPLOYMENT_TARGET = 16.2;
				LD_RUNPATH_SEARCH_PATHS = (
					"$(inherited)",
					"@executable_path/Frameworks",
				);
				MARKETING_VERSION = 1.0;
				PRODUCT_BUNDLE_IDENTIFIER = "adrianderdas.Czyste-Auto";
				PRODUCT_NAME = "$(TARGET_NAME)";
				SWIFT_EMIT_LOC_STRINGS = YES;
				SWIFT_VERSION = 5.0;
				TARGETED_DEVICE_FAMILY = 1;
			};
			name = Debug;
		};
		A2D7953C2A1AD5630013FA3B /* Release */ = {
			isa = XCBuildConfiguration;
			buildSettings = {
				ASSETCATALOG_COMPILER_APPICON_NAME = AppIcon;
				ASSETCATALOG_COMPILER_GLOBAL_ACCENT_COLOR_NAME = AccentColor;
				CODE_SIGN_STYLE = Automatic;
				CURRENT_PROJECT_VERSION = 1;
				DEVELOPMENT_TEAM = 323SMA9H24;
				GENERATE_INFOPLIST_FILE = YES;
				INFOPLIST_FILE = "Czyste Auto/Info.plist";
				INFOPLIST_KEY_CFBundleDisplayName = "Czyste Auto";
				INFOPLIST_KEY_UIApplicationSupportsIndirectInputEvents = YES;
				INFOPLIST_KEY_UILaunchStoryboardName = LaunchScreen;
				INFOPLIST_KEY_UIMainStoryboardFile = Main;
				INFOPLIST_KEY_UISupportedInterfaceOrientations = UIInterfaceOrientationPortrait;
				INFOPLIST_KEY_UISupportedInterfaceOrientations_iPad = "UIInterfaceOrientationLandscapeLeft UIInterfaceOrientationLandscapeRight UIInterfaceOrientationPortrait UIInterfaceOrientationPortraitUpsideDown";
				IPHONEOS_DEPLOYMENT_TARGET = 16.2;
				LD_RUNPATH_SEARCH_PATHS = (
					"$(inherited)",
					"@executable_path/Frameworks",
				);
				MARKETING_VERSION = 1.0;
				PRODUCT_BUNDLE_IDENTIFIER = "adrianderdas.Czyste-Auto";
				PRODUCT_NAME = "$(TARGET_NAME)";
				SWIFT_EMIT_LOC_STRINGS = YES;
				SWIFT_VERSION = 5.0;
				TARGETED_DEVICE_FAMILY = 1;
			};
			name = Release;
		};
		A2F7C8722AB2499C00BC7F3D /* Debug */ = {
			isa = XCBuildConfiguration;
			buildSettings = {
				CLANG_CXX_LANGUAGE_STANDARD = "gnu++20";
				CODE_SIGN_STYLE = Automatic;
				CURRENT_PROJECT_VERSION = 1;
				DEVELOPMENT_TEAM = 323SMA9H24;
				GENERATE_INFOPLIST_FILE = YES;
				IPHONEOS_DEPLOYMENT_TARGET = 16.2;
				MARKETING_VERSION = 1.0;
				PRODUCT_BUNDLE_IDENTIFIER = adrianderdas.CzysteAutoUITests;
				PRODUCT_NAME = "$(TARGET_NAME)";
				SWIFT_EMIT_LOC_STRINGS = NO;
				SWIFT_VERSION = 5.0;
				TARGETED_DEVICE_FAMILY = "1,2";
				TEST_TARGET_NAME = "Czyste Auto";
			};
			name = Debug;
		};
		A2F7C8732AB2499C00BC7F3D /* Release */ = {
			isa = XCBuildConfiguration;
			buildSettings = {
				CLANG_CXX_LANGUAGE_STANDARD = "gnu++20";
				CODE_SIGN_STYLE = Automatic;
				CURRENT_PROJECT_VERSION = 1;
				DEVELOPMENT_TEAM = 323SMA9H24;
				GENERATE_INFOPLIST_FILE = YES;
				IPHONEOS_DEPLOYMENT_TARGET = 16.2;
				MARKETING_VERSION = 1.0;
				PRODUCT_BUNDLE_IDENTIFIER = adrianderdas.CzysteAutoUITests;
				PRODUCT_NAME = "$(TARGET_NAME)";
				SWIFT_EMIT_LOC_STRINGS = NO;
				SWIFT_VERSION = 5.0;
				TARGETED_DEVICE_FAMILY = "1,2";
				TEST_TARGET_NAME = "Czyste Auto";
			};
			name = Release;
		};
/* End XCBuildConfiguration section */

/* Begin XCConfigurationList section */
		A21732932A522025007209B7 /* Build configuration list for PBXNativeTarget "CzysteAutoTests" */ = {
			isa = XCConfigurationList;
			buildConfigurations = (
				A21732912A522025007209B7 /* Debug */,
				A21732922A522025007209B7 /* Release */,
			);
			defaultConfigurationIsVisible = 0;
			defaultConfigurationName = Release;
		};
		A2D795212A1AD5600013FA3B /* Build configuration list for PBXProject "Czyste Auto" */ = {
			isa = XCConfigurationList;
			buildConfigurations = (
				A2D795382A1AD5630013FA3B /* Debug */,
				A2D795392A1AD5630013FA3B /* Release */,
			);
			defaultConfigurationIsVisible = 0;
			defaultConfigurationName = Release;
		};
		A2D7953A2A1AD5630013FA3B /* Build configuration list for PBXNativeTarget "Czyste Auto" */ = {
			isa = XCConfigurationList;
			buildConfigurations = (
				A2D7953B2A1AD5630013FA3B /* Debug */,
				A2D7953C2A1AD5630013FA3B /* Release */,
			);
			defaultConfigurationIsVisible = 0;
			defaultConfigurationName = Release;
		};
		A2F7C8742AB2499C00BC7F3D /* Build configuration list for PBXNativeTarget "CzysteAutoUITests" */ = {
			isa = XCConfigurationList;
			buildConfigurations = (
				A2F7C8722AB2499C00BC7F3D /* Debug */,
				A2F7C8732AB2499C00BC7F3D /* Release */,
			);
			defaultConfigurationIsVisible = 0;
			defaultConfigurationName = Release;
		};
/* End XCConfigurationList section */

/* Begin XCRemoteSwiftPackageReference section */
		A210550D2A40DFFC00B69BD9 /* XCRemoteSwiftPackageReference "firebase-ios-sdk" */ = {
			isa = XCRemoteSwiftPackageReference;
			repositoryURL = "https://github.com/firebase/firebase-ios-sdk";
			requirement = {
				kind = upToNextMajorVersion;
				minimumVersion = 9.0.0;
			};
		};
/* End XCRemoteSwiftPackageReference section */

/* Begin XCSwiftPackageProductDependency section */
		A210550E2A40DFFD00B69BD9 /* FirebaseAuth */ = {
			isa = XCSwiftPackageProductDependency;
			package = A210550D2A40DFFC00B69BD9 /* XCRemoteSwiftPackageReference "firebase-ios-sdk" */;
			productName = FirebaseAuth;
		};
		A21055102A40DFFD00B69BD9 /* FirebaseFirestore */ = {
			isa = XCSwiftPackageProductDependency;
			package = A210550D2A40DFFC00B69BD9 /* XCRemoteSwiftPackageReference "firebase-ios-sdk" */;
			productName = FirebaseFirestore;
		};
		A21055122A40DFFD00B69BD9 /* FirebaseFirestoreSwift */ = {
			isa = XCSwiftPackageProductDependency;
			package = A210550D2A40DFFC00B69BD9 /* XCRemoteSwiftPackageReference "firebase-ios-sdk" */;
			productName = FirebaseFirestoreSwift;
		};
		A2F5B48C2AB0F9AE00E200BF /* FirebaseFirestore */ = {
			isa = XCSwiftPackageProductDependency;
			package = A210550D2A40DFFC00B69BD9 /* XCRemoteSwiftPackageReference "firebase-ios-sdk" */;
			productName = FirebaseFirestore;
		};
		A2F5B48E2AB0F9C500E200BF /* FirebaseAuth */ = {
			isa = XCSwiftPackageProductDependency;
			package = A210550D2A40DFFC00B69BD9 /* XCRemoteSwiftPackageReference "firebase-ios-sdk" */;
			productName = FirebaseAuth;
		};
/* End XCSwiftPackageProductDependency section */
	};
	rootObject = A2D7951E2A1AD5600013FA3B /* Project object */;
}
