// !$*UTF8*$!
{
	archiveVersion = 1;
	classes = {
	};
	objectVersion = 55;
	objects = {

/* Begin PBXBuildFile section */
		032F6076A87828FC3C6DBA17 /* Pods_Czyste_Auto.framework in Frameworks */ = {isa = PBXBuildFile; fileRef = 3748AAF95708EE189B2137EB /* Pods_Czyste_Auto.framework */; };
		A20266A92A2BF84C00445C87 /* ServicesViewController.swift in Sources */ = {isa = PBXBuildFile; fileRef = A20266A82A2BF84C00445C87 /* ServicesViewController.swift */; };
		A21055082A40D75D00B69BD9 /* SummaryOrderViewController.swift in Sources */ = {isa = PBXBuildFile; fileRef = A21055072A40D75D00B69BD9 /* SummaryOrderViewController.swift */; };
		A210550A2A40DC6500B69BD9 /* ZeroViewController.swift in Sources */ = {isa = PBXBuildFile; fileRef = A21055092A40DC6500B69BD9 /* ZeroViewController.swift */; };
		A210550C2A40DCA100B69BD9 /* GoogleService-Info.plist in Resources */ = {isa = PBXBuildFile; fileRef = A210550B2A40DCA100B69BD9 /* GoogleService-Info.plist */; };
		A210550F2A40DFFD00B69BD9 /* FirebaseAuth in Frameworks */ = {isa = PBXBuildFile; productRef = A210550E2A40DFFD00B69BD9 /* FirebaseAuth */; };
		A21055112A40DFFD00B69BD9 /* FirebaseFirestore in Frameworks */ = {isa = PBXBuildFile; productRef = A21055102A40DFFD00B69BD9 /* FirebaseFirestore */; };
		A21055132A40DFFD00B69BD9 /* FirebaseFirestoreSwift in Frameworks */ = {isa = PBXBuildFile; productRef = A21055122A40DFFD00B69BD9 /* FirebaseFirestoreSwift */; };
		A21055162A40F73F00B69BD9 /* LoginViewController.swift in Sources */ = {isa = PBXBuildFile; fileRef = A21055152A40F73F00B69BD9 /* LoginViewController.swift */; };
		A21055182A40F75700B69BD9 /* RegisterViewController.swift in Sources */ = {isa = PBXBuildFile; fileRef = A21055172A40F75700B69BD9 /* RegisterViewController.swift */; };
		A217328E2A522025007209B7 /* CzysteAutoTests.swift in Sources */ = {isa = PBXBuildFile; fileRef = A217328D2A522025007209B7 /* CzysteAutoTests.swift */; };
		A2A9F35E2A48EEAA00D210A6 /* Service.swift in Sources */ = {isa = PBXBuildFile; fileRef = A2A9F35D2A48EEAA00D210A6 /* Service.swift */; };
		A2C990B12A72C42300514C75 /* CheckPhoneNumberViewController.swift in Sources */ = {isa = PBXBuildFile; fileRef = A2C990B02A72C42300514C75 /* CheckPhoneNumberViewController.swift */; };
		A2D7952A2A1AD5600013FA3B /* AppDelegate.swift in Sources */ = {isa = PBXBuildFile; fileRef = A2D795292A1AD5600013FA3B /* AppDelegate.swift */; };
		A2D7952C2A1AD5600013FA3B /* SceneDelegate.swift in Sources */ = {isa = PBXBuildFile; fileRef = A2D7952B2A1AD5600013FA3B /* SceneDelegate.swift */; };
		A2D795312A1AD5600013FA3B /* Main.storyboard in Resources */ = {isa = PBXBuildFile; fileRef = A2D7952F2A1AD5600013FA3B /* Main.storyboard */; };
		A2D795332A1AD5630013FA3B /* Assets.xcassets in Resources */ = {isa = PBXBuildFile; fileRef = A2D795322A1AD5630013FA3B /* Assets.xcassets */; };
		A2D795362A1AD5630013FA3B /* LaunchScreen.storyboard in Resources */ = {isa = PBXBuildFile; fileRef = A2D795342A1AD5630013FA3B /* LaunchScreen.storyboard */; };
		A2D7953E2A1AD9220013FA3B /* TabBarController.swift in Sources */ = {isa = PBXBuildFile; fileRef = A2D7953D2A1AD9220013FA3B /* TabBarController.swift */; };
		A2D795402A1AED650013FA3B /* SettingsViewController.swift in Sources */ = {isa = PBXBuildFile; fileRef = A2D7953F2A1AED650013FA3B /* SettingsViewController.swift */; };
		A2D795422A1AF99D0013FA3B /* ClubViewController.swift in Sources */ = {isa = PBXBuildFile; fileRef = A2D795412A1AF99D0013FA3B /* ClubViewController.swift */; };
		A2D795442A1AF9AD0013FA3B /* CleanCarViewController.swift in Sources */ = {isa = PBXBuildFile; fileRef = A2D795432A1AF9AD0013FA3B /* CleanCarViewController.swift */; };
		A2D7954A2A1B01860013FA3B /* OrdersViewController.swift in Sources */ = {isa = PBXBuildFile; fileRef = A2D795492A1B01860013FA3B /* OrdersViewController.swift */; };
		A2E050ED2A45C46D00462A81 /* BaseCell.swift in Sources */ = {isa = PBXBuildFile; fileRef = A2E050EC2A45C46D00462A81 /* BaseCell.swift */; };
		A2E050EF2A45FA3A00462A81 /* FinalSummaryViewController.swift in Sources */ = {isa = PBXBuildFile; fileRef = A2E050EE2A45FA3A00462A81 /* FinalSummaryViewController.swift */; };
		A2E050F12A46156100462A81 /* UserData.swift in Sources */ = {isa = PBXBuildFile; fileRef = A2E050F02A46156100462A81 /* UserData.swift */; };
		A2E050F32A46162000462A81 /* FirebaseService.swift in Sources */ = {isa = PBXBuildFile; fileRef = A2E050F22A46162000462A81 /* FirebaseService.swift */; };
		A2F88A142A1BC9A5008674AD /* ProfileViewController.swift in Sources */ = {isa = PBXBuildFile; fileRef = A2F88A132A1BC9A5008674AD /* ProfileViewController.swift */; };
		A2F88A162A1BF030008674AD /* Extensions.swift in Sources */ = {isa = PBXBuildFile; fileRef = A2F88A152A1BF030008674AD /* Extensions.swift */; };
/* End PBXBuildFile section */

/* Begin PBXContainerItemProxy section */
		A217328F2A522025007209B7 /* PBXContainerItemProxy */ = {
			isa = PBXContainerItemProxy;
			containerPortal = A2D7951E2A1AD5600013FA3B /* Project object */;
			proxyType = 1;
			remoteGlobalIDString = A2D795252A1AD5600013FA3B;
			remoteInfo = "Czyste Auto";
		};
/* End PBXContainerItemProxy section */

/* Begin PBXFileReference section */
		2A5FC58EF54F100BA98F989F /* Pods-Czyste Auto.release.xcconfig */ = {isa = PBXFileReference; includeInIndex = 1; lastKnownFileType = text.xcconfig; name = "Pods-Czyste Auto.release.xcconfig"; path = "Target Support Files/Pods-Czyste Auto/Pods-Czyste Auto.release.xcconfig"; sourceTree = "<group>"; };
		3748AAF95708EE189B2137EB /* Pods_Czyste_Auto.framework */ = {isa = PBXFileReference; explicitFileType = wrapper.framework; includeInIndex = 0; path = Pods_Czyste_Auto.framework; sourceTree = BUILT_PRODUCTS_DIR; };
		8C1A2F8F51CE3E39F9A14C11 /* Pods-Czyste Auto.debug.xcconfig */ = {isa = PBXFileReference; includeInIndex = 1; lastKnownFileType = text.xcconfig; name = "Pods-Czyste Auto.debug.xcconfig"; path = "Target Support Files/Pods-Czyste Auto/Pods-Czyste Auto.debug.xcconfig"; sourceTree = "<group>"; };
		A20266A82A2BF84C00445C87 /* ServicesViewController.swift */ = {isa = PBXFileReference; lastKnownFileType = sourcecode.swift; path = ServicesViewController.swift; sourceTree = "<group>"; };
		A21055072A40D75D00B69BD9 /* SummaryOrderViewController.swift */ = {isa = PBXFileReference; lastKnownFileType = sourcecode.swift; path = SummaryOrderViewController.swift; sourceTree = "<group>"; };
		A21055092A40DC6500B69BD9 /* ZeroViewController.swift */ = {isa = PBXFileReference; lastKnownFileType = sourcecode.swift; path = ZeroViewController.swift; sourceTree = "<group>"; };
		A210550B2A40DCA100B69BD9 /* GoogleService-Info.plist */ = {isa = PBXFileReference; fileEncoding = 4; lastKnownFileType = text.plist.xml; path = "GoogleService-Info.plist"; sourceTree = "<group>"; };
		A21055152A40F73F00B69BD9 /* LoginViewController.swift */ = {isa = PBXFileReference; lastKnownFileType = sourcecode.swift; path = LoginViewController.swift; sourceTree = "<group>"; };
		A21055172A40F75700B69BD9 /* RegisterViewController.swift */ = {isa = PBXFileReference; lastKnownFileType = sourcecode.swift; path = RegisterViewController.swift; sourceTree = "<group>"; };
		A217328B2A522025007209B7 /* CzysteAutoTests.xctest */ = {isa = PBXFileReference; explicitFileType = wrapper.cfbundle; includeInIndex = 0; path = CzysteAutoTests.xctest; sourceTree = BUILT_PRODUCTS_DIR; };
		A217328D2A522025007209B7 /* CzysteAutoTests.swift */ = {isa = PBXFileReference; lastKnownFileType = sourcecode.swift; path = CzysteAutoTests.swift; sourceTree = "<group>"; };
		A2A9F35D2A48EEAA00D210A6 /* Service.swift */ = {isa = PBXFileReference; lastKnownFileType = sourcecode.swift; path = Service.swift; sourceTree = "<group>"; };
		A2C990B02A72C42300514C75 /* CheckPhoneNumberViewController.swift */ = {isa = PBXFileReference; lastKnownFileType = sourcecode.swift; path = CheckPhoneNumberViewController.swift; sourceTree = "<group>"; };
		A2D795262A1AD5600013FA3B /* Czyste Auto.app */ = {isa = PBXFileReference; explicitFileType = wrapper.application; includeInIndex = 0; path = "Czyste Auto.app"; sourceTree = BUILT_PRODUCTS_DIR; };
		A2D795292A1AD5600013FA3B /* AppDelegate.swift */ = {isa = PBXFileReference; lastKnownFileType = sourcecode.swift; path = AppDelegate.swift; sourceTree = "<group>"; };
		A2D7952B2A1AD5600013FA3B /* SceneDelegate.swift */ = {isa = PBXFileReference; lastKnownFileType = sourcecode.swift; path = SceneDelegate.swift; sourceTree = "<group>"; };
		A2D795302A1AD5600013FA3B /* Base */ = {isa = PBXFileReference; lastKnownFileType = file.storyboard; name = Base; path = Base.lproj/Main.storyboard; sourceTree = "<group>"; };
		A2D795322A1AD5630013FA3B /* Assets.xcassets */ = {isa = PBXFileReference; lastKnownFileType = folder.assetcatalog; path = Assets.xcassets; sourceTree = "<group>"; };
		A2D795352A1AD5630013FA3B /* Base */ = {isa = PBXFileReference; lastKnownFileType = file.storyboard; name = Base; path = Base.lproj/LaunchScreen.storyboard; sourceTree = "<group>"; };
		A2D795372A1AD5630013FA3B /* Info.plist */ = {isa = PBXFileReference; lastKnownFileType = text.plist.xml; path = Info.plist; sourceTree = "<group>"; };
		A2D7953D2A1AD9220013FA3B /* TabBarController.swift */ = {isa = PBXFileReference; lastKnownFileType = sourcecode.swift; path = TabBarController.swift; sourceTree = "<group>"; };
		A2D7953F2A1AED650013FA3B /* SettingsViewController.swift */ = {isa = PBXFileReference; lastKnownFileType = sourcecode.swift; path = SettingsViewController.swift; sourceTree = "<group>"; };
		A2D795412A1AF99D0013FA3B /* ClubViewController.swift */ = {isa = PBXFileReference; lastKnownFileType = sourcecode.swift; path = ClubViewController.swift; sourceTree = "<group>"; };
		A2D795432A1AF9AD0013FA3B /* CleanCarViewController.swift */ = {isa = PBXFileReference; lastKnownFileType = sourcecode.swift; path = CleanCarViewController.swift; sourceTree = "<group>"; };
		A2D795492A1B01860013FA3B /* OrdersViewController.swift */ = {isa = PBXFileReference; lastKnownFileType = sourcecode.swift; path = OrdersViewController.swift; sourceTree = "<group>"; };
		A2E050EC2A45C46D00462A81 /* BaseCell.swift */ = {isa = PBXFileReference; lastKnownFileType = sourcecode.swift; path = BaseCell.swift; sourceTree = "<group>"; };
		A2E050EE2A45FA3A00462A81 /* FinalSummaryViewController.swift */ = {isa = PBXFileReference; lastKnownFileType = sourcecode.swift; path = FinalSummaryViewController.swift; sourceTree = "<group>"; };
		A2E050F02A46156100462A81 /* UserData.swift */ = {isa = PBXFileReference; lastKnownFileType = sourcecode.swift; path = UserData.swift; sourceTree = "<group>"; };
		A2E050F22A46162000462A81 /* FirebaseService.swift */ = {isa = PBXFileReference; lastKnownFileType = sourcecode.swift; path = FirebaseService.swift; sourceTree = "<group>"; };
		A2F88A132A1BC9A5008674AD /* ProfileViewController.swift */ = {isa = PBXFileReference; lastKnownFileType = sourcecode.swift; path = ProfileViewController.swift; sourceTree = "<group>"; };
		A2F88A152A1BF030008674AD /* Extensions.swift */ = {isa = PBXFileReference; lastKnownFileType = sourcecode.swift; path = Extensions.swift; sourceTree = "<group>"; };
/* End PBXFileReference section */

/* Begin PBXFrameworksBuildPhase section */
		A21732882A522025007209B7 /* Frameworks */ = {
			isa = PBXFrameworksBuildPhase;
			buildActionMask = 2147483647;
			files = (
			);
			runOnlyForDeploymentPostprocessing = 0;
		};
		A2D795232A1AD5600013FA3B /* Frameworks */ = {
			isa = PBXFrameworksBuildPhase;
			buildActionMask = 2147483647;
			files = (
				A210550F2A40DFFD00B69BD9 /* FirebaseAuth in Frameworks */,
				A21055112A40DFFD00B69BD9 /* FirebaseFirestore in Frameworks */,
				A21055132A40DFFD00B69BD9 /* FirebaseFirestoreSwift in Frameworks */,
				032F6076A87828FC3C6DBA17 /* Pods_Czyste_Auto.framework in Frameworks */,
			);
			runOnlyForDeploymentPostprocessing = 0;
		};
/* End PBXFrameworksBuildPhase section */

/* Begin PBXGroup section */
		00BE9CA0A0BE7FEFE5EF562E /* Pods */ = {
			isa = PBXGroup;
			children = (
				8C1A2F8F51CE3E39F9A14C11 /* Pods-Czyste Auto.debug.xcconfig */,
				2A5FC58EF54F100BA98F989F /* Pods-Czyste Auto.release.xcconfig */,
			);
			path = Pods;
			sourceTree = "<group>";
		};
		A21055142A40F72000B69BD9 /* Login */ = {
			isa = PBXGroup;
			children = (
				A21055152A40F73F00B69BD9 /* LoginViewController.swift */,
				A21055172A40F75700B69BD9 /* RegisterViewController.swift */,
				A2C990B02A72C42300514C75 /* CheckPhoneNumberViewController.swift */,
			);
			path = Login;
			sourceTree = "<group>";
		};
		A217328C2A522025007209B7 /* CzysteAutoTests */ = {
			isa = PBXGroup;
			children = (
				A217328D2A522025007209B7 /* CzysteAutoTests.swift */,
			);
			path = CzysteAutoTests;
			sourceTree = "<group>";
		};
		A2428DEE2A2A13E200E6D000 /* Profile */ = {
			isa = PBXGroup;
			children = (
				A2F88A132A1BC9A5008674AD /* ProfileViewController.swift */,
				A2D7953F2A1AED650013FA3B /* SettingsViewController.swift */,
			);
			path = Profile;
			sourceTree = "<group>";
		};
		A2431B7C2A201A0600FF807E /* Model */ = {
			isa = PBXGroup;
			children = (
				A2A9F35D2A48EEAA00D210A6 /* Service.swift */,
			);
			path = Model;
			sourceTree = "<group>";
		};
		A2431B7D2A201A1000FF807E /* View */ = {
			isa = PBXGroup;
			children = (
				A2431B802A201AA700FF807E /* Storyboards */,
			);
			path = View;
			sourceTree = "<group>";
		};
		A2431B7E2A201A1600FF807E /* Controller */ = {
			isa = PBXGroup;
			children = (
				A21055142A40F72000B69BD9 /* Login */,
				A2D795412A1AF99D0013FA3B /* ClubViewController.swift */,
				A2D795432A1AF9AD0013FA3B /* CleanCarViewController.swift */,
				A2AFFD372A45B553009A0811 /* Summary */,
				A2428DEE2A2A13E200E6D000 /* Profile */,
				A20266A82A2BF84C00445C87 /* ServicesViewController.swift */,
				A2E050EC2A45C46D00462A81 /* BaseCell.swift */,
				A2D7953D2A1AD9220013FA3B /* TabBarController.swift */,
				A21055092A40DC6500B69BD9 /* ZeroViewController.swift */,
			);
			path = Controller;
			sourceTree = "<group>";
		};
		A2431B7F2A201A9500FF807E /* Resources */ = {
			isa = PBXGroup;
			children = (
				A2D7952B2A1AD5600013FA3B /* SceneDelegate.swift */,
				A2D795292A1AD5600013FA3B /* AppDelegate.swift */,
				A2D795322A1AD5630013FA3B /* Assets.xcassets */,
				A2F88A152A1BF030008674AD /* Extensions.swift */,
				A2E050F02A46156100462A81 /* UserData.swift */,
				A2E050F22A46162000462A81 /* FirebaseService.swift */,
			);
			path = Resources;
			sourceTree = "<group>";
		};
		A2431B802A201AA700FF807E /* Storyboards */ = {
			isa = PBXGroup;
			children = (
				A2D795342A1AD5630013FA3B /* LaunchScreen.storyboard */,
				A2D7952F2A1AD5600013FA3B /* Main.storyboard */,
			);
			path = Storyboards;
			sourceTree = "<group>";
		};
		A2AFFD372A45B553009A0811 /* Summary */ = {
			isa = PBXGroup;
			children = (
				A2D795492A1B01860013FA3B /* OrdersViewController.swift */,
				A21055072A40D75D00B69BD9 /* SummaryOrderViewController.swift */,
				A2E050EE2A45FA3A00462A81 /* FinalSummaryViewController.swift */,
			);
			path = Summary;
			sourceTree = "<group>";
		};
		A2D7951D2A1AD5600013FA3B = {
			isa = PBXGroup;
			children = (
				A2D795282A1AD5600013FA3B /* Czyste Auto */,
				A217328C2A522025007209B7 /* CzysteAutoTests */,
				A2D795272A1AD5600013FA3B /* Products */,
				00BE9CA0A0BE7FEFE5EF562E /* Pods */,
				AE5147E919C033A8B05B662A /* Frameworks */,
			);
			sourceTree = "<group>";
		};
		A2D795272A1AD5600013FA3B /* Products */ = {
			isa = PBXGroup;
			children = (
				A2D795262A1AD5600013FA3B /* Czyste Auto.app */,
				A217328B2A522025007209B7 /* CzysteAutoTests.xctest */,
			);
			name = Products;
			sourceTree = "<group>";
		};
		A2D795282A1AD5600013FA3B /* Czyste Auto */ = {
			isa = PBXGroup;
			children = (
				A2D795372A1AD5630013FA3B /* Info.plist */,
				A210550B2A40DCA100B69BD9 /* GoogleService-Info.plist */,
				A2431B7F2A201A9500FF807E /* Resources */,
				A2431B7E2A201A1600FF807E /* Controller */,
				A2431B7D2A201A1000FF807E /* View */,
				A2431B7C2A201A0600FF807E /* Model */,
			);
			path = "Czyste Auto";
			sourceTree = "<group>";
		};
		AE5147E919C033A8B05B662A /* Frameworks */ = {
			isa = PBXGroup;
			children = (
				3748AAF95708EE189B2137EB /* Pods_Czyste_Auto.framework */,
			);
			name = Frameworks;
			sourceTree = "<group>";
		};
/* End PBXGroup section */

/* Begin PBXNativeTarget section */
		A217328A2A522025007209B7 /* CzysteAutoTests */ = {
			isa = PBXNativeTarget;
			buildConfigurationList = A21732932A522025007209B7 /* Build configuration list for PBXNativeTarget "CzysteAutoTests" */;
			buildPhases = (
				A21732872A522025007209B7 /* Sources */,
				A21732882A522025007209B7 /* Frameworks */,
				A21732892A522025007209B7 /* Resources */,
			);
			buildRules = (
			);
			dependencies = (
				A21732902A522025007209B7 /* PBXTargetDependency */,
			);
			name = CzysteAutoTests;
			productName = CzysteAutoTests;
			productReference = A217328B2A522025007209B7 /* CzysteAutoTests.xctest */;
			productType = "com.apple.product-type.bundle.unit-test";
		};
		A2D795252A1AD5600013FA3B /* Czyste Auto */ = {
			isa = PBXNativeTarget;
			buildConfigurationList = A2D7953A2A1AD5630013FA3B /* Build configuration list for PBXNativeTarget "Czyste Auto" */;
			buildPhases = (
				30836F8FCEEB1B4D9B58466B /* [CP] Check Pods Manifest.lock */,
				A2D795222A1AD5600013FA3B /* Sources */,
				A2D795232A1AD5600013FA3B /* Frameworks */,
				A2D795242A1AD5600013FA3B /* Resources */,
			);
			buildRules = (
			);
			dependencies = (
			);
			name = "Czyste Auto";
			packageProductDependencies = (
				A210550E2A40DFFD00B69BD9 /* FirebaseAuth */,
				A21055102A40DFFD00B69BD9 /* FirebaseFirestore */,
				A21055122A40DFFD00B69BD9 /* FirebaseFirestoreSwift */,
			);
			productName = "Czyste Auto";
			productReference = A2D795262A1AD5600013FA3B /* Czyste Auto.app */;
			productType = "com.apple.product-type.application";
		};
/* End PBXNativeTarget section */

/* Begin PBXProject section */
		A2D7951E2A1AD5600013FA3B /* Project object */ = {
			isa = PBXProject;
			attributes = {
				BuildIndependentTargetsInParallel = 1;
				LastSwiftUpdateCheck = 1420;
				LastUpgradeCheck = 1340;
				TargetAttributes = {
					A217328A2A522025007209B7 = {
						CreatedOnToolsVersion = 14.2;
						TestTargetID = A2D795252A1AD5600013FA3B;
					};
					A2D795252A1AD5600013FA3B = {
						CreatedOnToolsVersion = 13.4;
					};
				};
			};
			buildConfigurationList = A2D795212A1AD5600013FA3B /* Build configuration list for PBXProject "Czyste Auto" */;
			compatibilityVersion = "Xcode 13.0";
			developmentRegion = en;
			hasScannedForEncodings = 0;
			knownRegions = (
				en,
				Base,
			);
			mainGroup = A2D7951D2A1AD5600013FA3B;
			packageReferences = (
				A210550D2A40DFFC00B69BD9 /* XCRemoteSwiftPackageReference "firebase-ios-sdk" */,
			);
			productRefGroup = A2D795272A1AD5600013FA3B /* Products */;
			projectDirPath = "";
			projectRoot = "";
			targets = (
				A2D795252A1AD5600013FA3B /* Czyste Auto */,
				A217328A2A522025007209B7 /* CzysteAutoTests */,
			);
		};
/* End PBXProject section */

/* Begin PBXResourcesBuildPhase section */
		A21732892A522025007209B7 /* Resources */ = {
			isa = PBXResourcesBuildPhase;
			buildActionMask = 2147483647;
			files = (
			);
			runOnlyForDeploymentPostprocessing = 0;
		};
		A2D795242A1AD5600013FA3B /* Resources */ = {
			isa = PBXResourcesBuildPhase;
			buildActionMask = 2147483647;
			files = (
				A2D795362A1AD5630013FA3B /* LaunchScreen.storyboard in Resources */,
				A210550C2A40DCA100B69BD9 /* GoogleService-Info.plist in Resources */,
				A2D795332A1AD5630013FA3B /* Assets.xcassets in Resources */,
				A2D795312A1AD5600013FA3B /* Main.storyboard in Resources */,
			);
			runOnlyForDeploymentPostprocessing = 0;
		};
/* End PBXResourcesBuildPhase section */

/* Begin PBXShellScriptBuildPhase section */
		30836F8FCEEB1B4D9B58466B /* [CP] Check Pods Manifest.lock */ = {
			isa = PBXShellScriptBuildPhase;
			buildActionMask = 2147483647;
			files = (
			);
			inputFileListPaths = (
			);
			inputPaths = (
				"${PODS_PODFILE_DIR_PATH}/Podfile.lock",
				"${PODS_ROOT}/Manifest.lock",
			);
			name = "[CP] Check Pods Manifest.lock";
			outputFileListPaths = (
			);
			outputPaths = (
				"$(DERIVED_FILE_DIR)/Pods-Czyste Auto-checkManifestLockResult.txt",
			);
			runOnlyForDeploymentPostprocessing = 0;
			shellPath = /bin/sh;
			shellScript = "diff \"${PODS_PODFILE_DIR_PATH}/Podfile.lock\" \"${PODS_ROOT}/Manifest.lock\" > /dev/null\nif [ $? != 0 ] ; then\n    # print error to STDERR\n    echo \"error: The sandbox is not in sync with the Podfile.lock. Run 'pod install' or update your CocoaPods installation.\" >&2\n    exit 1\nfi\n# This output is used by Xcode 'outputs' to avoid re-running this script phase.\necho \"SUCCESS\" > \"${SCRIPT_OUTPUT_FILE_0}\"\n";
			showEnvVarsInLog = 0;
		};
/* End PBXShellScriptBuildPhase section */

/* Begin PBXSourcesBuildPhase section */
		A21732872A522025007209B7 /* Sources */ = {
			isa = PBXSourcesBuildPhase;
			buildActionMask = 2147483647;
			files = (
				A217328E2A522025007209B7 /* CzysteAutoTests.swift in Sources */,
			);
			runOnlyForDeploymentPostprocessing = 0;
		};
		A2D795222A1AD5600013FA3B /* Sources */ = {
			isa = PBXSourcesBuildPhase;
			buildActionMask = 2147483647;
			files = (
				A2F88A142A1BC9A5008674AD /* ProfileViewController.swift in Sources */,
				A2D7953E2A1AD9220013FA3B /* TabBarController.swift in Sources */,
				A2D795442A1AF9AD0013FA3B /* CleanCarViewController.swift in Sources */,
				A2C990B12A72C42300514C75 /* CheckPhoneNumberViewController.swift in Sources */,
				A2D7954A2A1B01860013FA3B /* OrdersViewController.swift in Sources */,
				A2E050F32A46162000462A81 /* FirebaseService.swift in Sources */,
				A2E050EF2A45FA3A00462A81 /* FinalSummaryViewController.swift in Sources */,
				A21055082A40D75D00B69BD9 /* SummaryOrderViewController.swift in Sources */,
				A2D795422A1AF99D0013FA3B /* ClubViewController.swift in Sources */,
				A2D7952A2A1AD5600013FA3B /* AppDelegate.swift in Sources */,
				A2D795402A1AED650013FA3B /* SettingsViewController.swift in Sources */,
				A2A9F35E2A48EEAA00D210A6 /* Service.swift in Sources */,
				A2F88A162A1BF030008674AD /* Extensions.swift in Sources */,
				A21055182A40F75700B69BD9 /* RegisterViewController.swift in Sources */,
				A20266A92A2BF84C00445C87 /* ServicesViewController.swift in Sources */,
				A210550A2A40DC6500B69BD9 /* ZeroViewController.swift in Sources */,
				A2E050F12A46156100462A81 /* UserData.swift in Sources */,
				A21055162A40F73F00B69BD9 /* LoginViewController.swift in Sources */,
				A2E050ED2A45C46D00462A81 /* BaseCell.swift in Sources */,
				A2D7952C2A1AD5600013FA3B /* SceneDelegate.swift in Sources */,
			);
			runOnlyForDeploymentPostprocessing = 0;
		};
/* End PBXSourcesBuildPhase section */

/* Begin PBXTargetDependency section */
		A21732902A522025007209B7 /* PBXTargetDependency */ = {
			isa = PBXTargetDependency;
			target = A2D795252A1AD5600013FA3B /* Czyste Auto */;
			targetProxy = A217328F2A522025007209B7 /* PBXContainerItemProxy */;
		};
/* End PBXTargetDependency section */

/* Begin PBXVariantGroup section */
		A2D7952F2A1AD5600013FA3B /* Main.storyboard */ = {
			isa = PBXVariantGroup;
			children = (
				A2D795302A1AD5600013FA3B /* Base */,
			);
			name = Main.storyboard;
			sourceTree = "<group>";
		};
		A2D795342A1AD5630013FA3B /* LaunchScreen.storyboard */ = {
			isa = PBXVariantGroup;
			children = (
				A2D795352A1AD5630013FA3B /* Base */,
			);
			name = LaunchScreen.storyboard;
			sourceTree = "<group>";
		};
/* End PBXVariantGroup section */

/* Begin XCBuildConfiguration section */
		A21732912A522025007209B7 /* Debug */ = {
			isa = XCBuildConfiguration;
			buildSettings = {
				BUNDLE_LOADER = "$(TEST_HOST)";
				CLANG_CXX_LANGUAGE_STANDARD = "gnu++20";
				CODE_SIGN_STYLE = Automatic;
				CURRENT_PROJECT_VERSION = 1;
				DEVELOPMENT_TEAM = 323SMA9H24;
				GENERATE_INFOPLIST_FILE = YES;
				IPHONEOS_DEPLOYMENT_TARGET = 16.2;
				MARKETING_VERSION = 1.0;
				PRODUCT_BUNDLE_IDENTIFIER = adrianderdas.CzysteAutoTests;
				PRODUCT_NAME = "$(TARGET_NAME)";
				SWIFT_EMIT_LOC_STRINGS = NO;
				SWIFT_VERSION = 5.0;
				TARGETED_DEVICE_FAMILY = "1,2";
				TEST_HOST = "$(BUILT_PRODUCTS_DIR)/Czyste Auto.app/$(BUNDLE_EXECUTABLE_FOLDER_PATH)/Czyste Auto";
			};
			name = Debug;
		};
		A21732922A522025007209B7 /* Release */ = {
			isa = XCBuildConfiguration;
			buildSettings = {
				BUNDLE_LOADER = "$(TEST_HOST)";
				CLANG_CXX_LANGUAGE_STANDARD = "gnu++20";
				CODE_SIGN_STYLE = Automatic;
				CURRENT_PROJECT_VERSION = 1;
				DEVELOPMENT_TEAM = 323SMA9H24;
				GENERATE_INFOPLIST_FILE = YES;
				IPHONEOS_DEPLOYMENT_TARGET = 16.2;
				MARKETING_VERSION = 1.0;
				PRODUCT_BUNDLE_IDENTIFIER = adrianderdas.CzysteAutoTests;
				PRODUCT_NAME = "$(TARGET_NAME)";
				SWIFT_EMIT_LOC_STRINGS = NO;
				SWIFT_VERSION = 5.0;
				TARGETED_DEVICE_FAMILY = "1,2";
				TEST_HOST = "$(BUILT_PRODUCTS_DIR)/Czyste Auto.app/$(BUNDLE_EXECUTABLE_FOLDER_PATH)/Czyste Auto";
			};
			name = Release;
		};
		A2D795382A1AD5630013FA3B /* Debug */ = {
			isa = XCBuildConfiguration;
			buildSettings = {
				ALWAYS_SEARCH_USER_PATHS = NO;
				CLANG_ANALYZER_NONNULL = YES;
				CLANG_ANALYZER_NUMBER_OBJECT_CONVERSION = YES_AGGRESSIVE;
				CLANG_CXX_LANGUAGE_STANDARD = "gnu++17";
				CLANG_ENABLE_MODULES = YES;
				CLANG_ENABLE_OBJC_ARC = YES;
				CLANG_ENABLE_OBJC_WEAK = YES;
				CLANG_WARN_BLOCK_CAPTURE_AUTORELEASING = YES;
				CLANG_WARN_BOOL_CONVERSION = YES;
				CLANG_WARN_COMMA = YES;
				CLANG_WARN_CONSTANT_CONVERSION = YES;
				CLANG_WARN_DEPRECATED_OBJC_IMPLEMENTATIONS = YES;
				CLANG_WARN_DIRECT_OBJC_ISA_USAGE = YES_ERROR;
				CLANG_WARN_DOCUMENTATION_COMMENTS = YES;
				CLANG_WARN_EMPTY_BODY = YES;
				CLANG_WARN_ENUM_CONVERSION = YES;
				CLANG_WARN_INFINITE_RECURSION = YES;
				CLANG_WARN_INT_CONVERSION = YES;
				CLANG_WARN_NON_LITERAL_NULL_CONVERSION = YES;
				CLANG_WARN_OBJC_IMPLICIT_RETAIN_SELF = YES;
				CLANG_WARN_OBJC_LITERAL_CONVERSION = YES;
				CLANG_WARN_OBJC_ROOT_CLASS = YES_ERROR;
				CLANG_WARN_QUOTED_INCLUDE_IN_FRAMEWORK_HEADER = YES;
				CLANG_WARN_RANGE_LOOP_ANALYSIS = YES;
				CLANG_WARN_STRICT_PROTOTYPES = YES;
				CLANG_WARN_SUSPICIOUS_MOVE = YES;
				CLANG_WARN_UNGUARDED_AVAILABILITY = YES_AGGRESSIVE;
				CLANG_WARN_UNREACHABLE_CODE = YES;
				CLANG_WARN__DUPLICATE_METHOD_MATCH = YES;
				COPY_PHASE_STRIP = NO;
				DEBUG_INFORMATION_FORMAT = dwarf;
				ENABLE_STRICT_OBJC_MSGSEND = YES;
				ENABLE_TESTABILITY = YES;
				GCC_C_LANGUAGE_STANDARD = gnu11;
				GCC_DYNAMIC_NO_PIC = NO;
				GCC_NO_COMMON_BLOCKS = YES;
				GCC_OPTIMIZATION_LEVEL = 0;
				GCC_PREPROCESSOR_DEFINITIONS = (
					"DEBUG=1",
					"$(inherited)",
				);
				GCC_WARN_64_TO_32_BIT_CONVERSION = YES;
				GCC_WARN_ABOUT_RETURN_TYPE = YES_ERROR;
				GCC_WARN_UNDECLARED_SELECTOR = YES;
				GCC_WARN_UNINITIALIZED_AUTOS = YES_AGGRESSIVE;
				GCC_WARN_UNUSED_FUNCTION = YES;
				GCC_WARN_UNUSED_VARIABLE = YES;
				IPHONEOS_DEPLOYMENT_TARGET = 15.5;
				MTL_ENABLE_DEBUG_INFO = INCLUDE_SOURCE;
				MTL_FAST_MATH = YES;
				ONLY_ACTIVE_ARCH = YES;
				SDKROOT = iphoneos;
				SWIFT_ACTIVE_COMPILATION_CONDITIONS = DEBUG;
				SWIFT_OPTIMIZATION_LEVEL = "-Onone";
			};
			name = Debug;
		};
		A2D795392A1AD5630013FA3B /* Release */ = {
			isa = XCBuildConfiguration;
			buildSettings = {
				ALWAYS_SEARCH_USER_PATHS = NO;
				CLANG_ANALYZER_NONNULL = YES;
				CLANG_ANALYZER_NUMBER_OBJECT_CONVERSION = YES_AGGRESSIVE;
				CLANG_CXX_LANGUAGE_STANDARD = "gnu++17";
				CLANG_ENABLE_MODULES = YES;
				CLANG_ENABLE_OBJC_ARC = YES;
				CLANG_ENABLE_OBJC_WEAK = YES;
				CLANG_WARN_BLOCK_CAPTURE_AUTORELEASING = YES;
				CLANG_WARN_BOOL_CONVERSION = YES;
				CLANG_WARN_COMMA = YES;
				CLANG_WARN_CONSTANT_CONVERSION = YES;
				CLANG_WARN_DEPRECATED_OBJC_IMPLEMENTATIONS = YES;
				CLANG_WARN_DIRECT_OBJC_ISA_USAGE = YES_ERROR;
				CLANG_WARN_DOCUMENTATION_COMMENTS = YES;
				CLANG_WARN_EMPTY_BODY = YES;
				CLANG_WARN_ENUM_CONVERSION = YES;
				CLANG_WARN_INFINITE_RECURSION = YES;
				CLANG_WARN_INT_CONVERSION = YES;
				CLANG_WARN_NON_LITERAL_NULL_CONVERSION = YES;
				CLANG_WARN_OBJC_IMPLICIT_RETAIN_SELF = YES;
				CLANG_WARN_OBJC_LITERAL_CONVERSION = YES;
				CLANG_WARN_OBJC_ROOT_CLASS = YES_ERROR;
				CLANG_WARN_QUOTED_INCLUDE_IN_FRAMEWORK_HEADER = YES;
				CLANG_WARN_RANGE_LOOP_ANALYSIS = YES;
				CLANG_WARN_STRICT_PROTOTYPES = YES;
				CLANG_WARN_SUSPICIOUS_MOVE = YES;
				CLANG_WARN_UNGUARDED_AVAILABILITY = YES_AGGRESSIVE;
				CLANG_WARN_UNREACHABLE_CODE = YES;
				CLANG_WARN__DUPLICATE_METHOD_MATCH = YES;
				COPY_PHASE_STRIP = NO;
				DEBUG_INFORMATION_FORMAT = "dwarf-with-dsym";
				ENABLE_NS_ASSERTIONS = NO;
				ENABLE_STRICT_OBJC_MSGSEND = YES;
				GCC_C_LANGUAGE_STANDARD = gnu11;
				GCC_NO_COMMON_BLOCKS = YES;
				GCC_WARN_64_TO_32_BIT_CONVERSION = YES;
				GCC_WARN_ABOUT_RETURN_TYPE = YES_ERROR;
				GCC_WARN_UNDECLARED_SELECTOR = YES;
				GCC_WARN_UNINITIALIZED_AUTOS = YES_AGGRESSIVE;
				GCC_WARN_UNUSED_FUNCTION = YES;
				GCC_WARN_UNUSED_VARIABLE = YES;
				IPHONEOS_DEPLOYMENT_TARGET = 15.5;
				MTL_ENABLE_DEBUG_INFO = NO;
				MTL_FAST_MATH = YES;
				SDKROOT = iphoneos;
				SWIFT_COMPILATION_MODE = wholemodule;
				SWIFT_OPTIMIZATION_LEVEL = "-O";
				VALIDATE_PRODUCT = YES;
			};
			name = Release;
		};
		A2D7953B2A1AD5630013FA3B /* Debug */ = {
			isa = XCBuildConfiguration;
			baseConfigurationReference = 8C1A2F8F51CE3E39F9A14C11 /* Pods-Czyste Auto.debug.xcconfig */;
			buildSettings = {
				ASSETCATALOG_COMPILER_APPICON_NAME = AppIcon;
				ASSETCATALOG_COMPILER_GLOBAL_ACCENT_COLOR_NAME = AccentColor;
				CODE_SIGN_STYLE = Automatic;
				CURRENT_PROJECT_VERSION = 1;
				DEVELOPMENT_TEAM = 323SMA9H24;
				GENERATE_INFOPLIST_FILE = YES;
				INFOPLIST_FILE = "Czyste Auto/Info.plist";
				INFOPLIST_KEY_CFBundleDisplayName = "Czyste Auto";
				INFOPLIST_KEY_UIApplicationSupportsIndirectInputEvents = YES;
				INFOPLIST_KEY_UILaunchStoryboardName = LaunchScreen;
				INFOPLIST_KEY_UIMainStoryboardFile = Main;
				INFOPLIST_KEY_UISupportedInterfaceOrientations = UIInterfaceOrientationPortrait;
				INFOPLIST_KEY_UISupportedInterfaceOrientations_iPad = "UIInterfaceOrientationLandscapeLeft UIInterfaceOrientationLandscapeRight UIInterfaceOrientationPortrait UIInterfaceOrientationPortraitUpsideDown";
				IPHONEOS_DEPLOYMENT_TARGET = 16.2;
				LD_RUNPATH_SEARCH_PATHS = (
					"$(inherited)",
					"@executable_path/Frameworks",
				);
				MARKETING_VERSION = 1.0;
				PRODUCT_BUNDLE_IDENTIFIER = "adrianderdas.Czyste-Auto";
				PRODUCT_NAME = "$(TARGET_NAME)";
				SWIFT_EMIT_LOC_STRINGS = YES;
				SWIFT_VERSION = 5.0;
				TARGETED_DEVICE_FAMILY = 1;
			};
			name = Debug;
		};
		A2D7953C2A1AD5630013FA3B /* Release */ = {
			isa = XCBuildConfiguration;
			baseConfigurationReference = 2A5FC58EF54F100BA98F989F /* Pods-Czyste Auto.release.xcconfig */;
			buildSettings = {
				ASSETCATALOG_COMPILER_APPICON_NAME = AppIcon;
				ASSETCATALOG_COMPILER_GLOBAL_ACCENT_COLOR_NAME = AccentColor;
				CODE_SIGN_STYLE = Automatic;
				CURRENT_PROJECT_VERSION = 1;
				DEVELOPMENT_TEAM = 323SMA9H24;
				GENERATE_INFOPLIST_FILE = YES;
				INFOPLIST_FILE = "Czyste Auto/Info.plist";
				INFOPLIST_KEY_CFBundleDisplayName = "Czyste Auto";
				INFOPLIST_KEY_UIApplicationSupportsIndirectInputEvents = YES;
				INFOPLIST_KEY_UILaunchStoryboardName = LaunchScreen;
				INFOPLIST_KEY_UIMainStoryboardFile = Main;
				INFOPLIST_KEY_UISupportedInterfaceOrientations = UIInterfaceOrientationPortrait;
				INFOPLIST_KEY_UISupportedInterfaceOrientations_iPad = "UIInterfaceOrientationLandscapeLeft UIInterfaceOrientationLandscapeRight UIInterfaceOrientationPortrait UIInterfaceOrientationPortraitUpsideDown";
				IPHONEOS_DEPLOYMENT_TARGET = 16.2;
				LD_RUNPATH_SEARCH_PATHS = (
					"$(inherited)",
					"@executable_path/Frameworks",
				);
				MARKETING_VERSION = 1.0;
				PRODUCT_BUNDLE_IDENTIFIER = "adrianderdas.Czyste-Auto";
				PRODUCT_NAME = "$(TARGET_NAME)";
				SWIFT_EMIT_LOC_STRINGS = YES;
				SWIFT_VERSION = 5.0;
				TARGETED_DEVICE_FAMILY = 1;
			};
			name = Release;
		};
/* End XCBuildConfiguration section */

/* Begin XCConfigurationList section */
		A21732932A522025007209B7 /* Build configuration list for PBXNativeTarget "CzysteAutoTests" */ = {
			isa = XCConfigurationList;
			buildConfigurations = (
				A21732912A522025007209B7 /* Debug */,
				A21732922A522025007209B7 /* Release */,
			);
			defaultConfigurationIsVisible = 0;
			defaultConfigurationName = Release;
		};
		A2D795212A1AD5600013FA3B /* Build configuration list for PBXProject "Czyste Auto" */ = {
			isa = XCConfigurationList;
			buildConfigurations = (
				A2D795382A1AD5630013FA3B /* Debug */,
				A2D795392A1AD5630013FA3B /* Release */,
			);
			defaultConfigurationIsVisible = 0;
			defaultConfigurationName = Release;
		};
		A2D7953A2A1AD5630013FA3B /* Build configuration list for PBXNativeTarget "Czyste Auto" */ = {
			isa = XCConfigurationList;
			buildConfigurations = (
				A2D7953B2A1AD5630013FA3B /* Debug */,
				A2D7953C2A1AD5630013FA3B /* Release */,
			);
			defaultConfigurationIsVisible = 0;
			defaultConfigurationName = Release;
		};
/* End XCConfigurationList section */

/* Begin XCRemoteSwiftPackageReference section */
		A210550D2A40DFFC00B69BD9 /* XCRemoteSwiftPackageReference "firebase-ios-sdk" */ = {
			isa = XCRemoteSwiftPackageReference;
			repositoryURL = "https://github.com/firebase/firebase-ios-sdk";
			requirement = {
				kind = upToNextMajorVersion;
				minimumVersion = 9.0.0;
			};
		};
/* End XCRemoteSwiftPackageReference section */

/* Begin XCSwiftPackageProductDependency section */
		A210550E2A40DFFD00B69BD9 /* FirebaseAuth */ = {
			isa = XCSwiftPackageProductDependency;
			package = A210550D2A40DFFC00B69BD9 /* XCRemoteSwiftPackageReference "firebase-ios-sdk" */;
			productName = FirebaseAuth;
		};
		A21055102A40DFFD00B69BD9 /* FirebaseFirestore */ = {
			isa = XCSwiftPackageProductDependency;
			package = A210550D2A40DFFC00B69BD9 /* XCRemoteSwiftPackageReference "firebase-ios-sdk" */;
			productName = FirebaseFirestore;
		};
		A21055122A40DFFD00B69BD9 /* FirebaseFirestoreSwift */ = {
			isa = XCSwiftPackageProductDependency;
			package = A210550D2A40DFFC00B69BD9 /* XCRemoteSwiftPackageReference "firebase-ios-sdk" */;
			productName = FirebaseFirestoreSwift;
		};
/* End XCSwiftPackageProductDependency section */
	};
	rootObject = A2D7951E2A1AD5600013FA3B /* Project object */;
}
