// !$*UTF8*$!
{
	archiveVersion = 1;
	classes = {
	};
	objectVersion = 55;
	objects = {

/* Begin PBXBuildFile section */
		A20266A92A2BF84C00445C87 /* ServicesViewController.swift in Sources */ = {isa = PBXBuildFile; fileRef = A20266A82A2BF84C00445C87 /* ServicesViewController.swift */; };
		A2D7952A2A1AD5600013FA3B /* AppDelegate.swift in Sources */ = {isa = PBXBuildFile; fileRef = A2D795292A1AD5600013FA3B /* AppDelegate.swift */; };
		A2D7952C2A1AD5600013FA3B /* SceneDelegate.swift in Sources */ = {isa = PBXBuildFile; fileRef = A2D7952B2A1AD5600013FA3B /* SceneDelegate.swift */; };
		A2D795312A1AD5600013FA3B /* Main.storyboard in Resources */ = {isa = PBXBuildFile; fileRef = A2D7952F2A1AD5600013FA3B /* Main.storyboard */; };
		A2D795332A1AD5630013FA3B /* Assets.xcassets in Resources */ = {isa = PBXBuildFile; fileRef = A2D795322A1AD5630013FA3B /* Assets.xcassets */; };
		A2D795362A1AD5630013FA3B /* LaunchScreen.storyboard in Resources */ = {isa = PBXBuildFile; fileRef = A2D795342A1AD5630013FA3B /* LaunchScreen.storyboard */; };
		A2D7953E2A1AD9220013FA3B /* TabBarController.swift in Sources */ = {isa = PBXBuildFile; fileRef = A2D7953D2A1AD9220013FA3B /* TabBarController.swift */; };
		A2D795402A1AED650013FA3B /* SettingsViewController.swift in Sources */ = {isa = PBXBuildFile; fileRef = A2D7953F2A1AED650013FA3B /* SettingsViewController.swift */; };
		A2D795422A1AF99D0013FA3B /* ClubViewController.swift in Sources */ = {isa = PBXBuildFile; fileRef = A2D795412A1AF99D0013FA3B /* ClubViewController.swift */; };
		A2D795442A1AF9AD0013FA3B /* CleanCarViewController.swift in Sources */ = {isa = PBXBuildFile; fileRef = A2D795432A1AF9AD0013FA3B /* CleanCarViewController.swift */; };
		A2D7954A2A1B01860013FA3B /* OrdersViewController.swift in Sources */ = {isa = PBXBuildFile; fileRef = A2D795492A1B01860013FA3B /* OrdersViewController.swift */; };
		A2F88A142A1BC9A5008674AD /* ProfileViewController.swift in Sources */ = {isa = PBXBuildFile; fileRef = A2F88A132A1BC9A5008674AD /* ProfileViewController.swift */; };
		A2F88A162A1BF030008674AD /* Extensions.swift in Sources */ = {isa = PBXBuildFile; fileRef = A2F88A152A1BF030008674AD /* Extensions.swift */; };
/* End PBXBuildFile section */

/* Begin PBXFileReference section */
		A20266A82A2BF84C00445C87 /* ServicesViewController.swift */ = {isa = PBXFileReference; lastKnownFileType = sourcecode.swift; path = ServicesViewController.swift; sourceTree = "<group>"; };
		A2D795262A1AD5600013FA3B /* Czyste Auto.app */ = {isa = PBXFileReference; explicitFileType = wrapper.application; includeInIndex = 0; path = "Czyste Auto.app"; sourceTree = BUILT_PRODUCTS_DIR; };
		A2D795292A1AD5600013FA3B /* AppDelegate.swift */ = {isa = PBXFileReference; lastKnownFileType = sourcecode.swift; path = AppDelegate.swift; sourceTree = "<group>"; };
		A2D7952B2A1AD5600013FA3B /* SceneDelegate.swift */ = {isa = PBXFileReference; lastKnownFileType = sourcecode.swift; path = SceneDelegate.swift; sourceTree = "<group>"; };
		A2D795302A1AD5600013FA3B /* Base */ = {isa = PBXFileReference; lastKnownFileType = file.storyboard; name = Base; path = Base.lproj/Main.storyboard; sourceTree = "<group>"; };
		A2D795322A1AD5630013FA3B /* Assets.xcassets */ = {isa = PBXFileReference; lastKnownFileType = folder.assetcatalog; path = Assets.xcassets; sourceTree = "<group>"; };
		A2D795352A1AD5630013FA3B /* Base */ = {isa = PBXFileReference; lastKnownFileType = file.storyboard; name = Base; path = Base.lproj/LaunchScreen.storyboard; sourceTree = "<group>"; };
		A2D795372A1AD5630013FA3B /* Info.plist */ = {isa = PBXFileReference; lastKnownFileType = text.plist.xml; path = Info.plist; sourceTree = "<group>"; };
		A2D7953D2A1AD9220013FA3B /* TabBarController.swift */ = {isa = PBXFileReference; lastKnownFileType = sourcecode.swift; path = TabBarController.swift; sourceTree = "<group>"; };
		A2D7953F2A1AED650013FA3B /* SettingsViewController.swift */ = {isa = PBXFileReference; lastKnownFileType = sourcecode.swift; path = SettingsViewController.swift; sourceTree = "<group>"; };
		A2D795412A1AF99D0013FA3B /* ClubViewController.swift */ = {isa = PBXFileReference; lastKnownFileType = sourcecode.swift; path = ClubViewController.swift; sourceTree = "<group>"; };
		A2D795432A1AF9AD0013FA3B /* CleanCarViewController.swift */ = {isa = PBXFileReference; lastKnownFileType = sourcecode.swift; path = CleanCarViewController.swift; sourceTree = "<group>"; };
		A2D795492A1B01860013FA3B /* OrdersViewController.swift */ = {isa = PBXFileReference; lastKnownFileType = sourcecode.swift; path = OrdersViewController.swift; sourceTree = "<group>"; };
		A2F88A132A1BC9A5008674AD /* ProfileViewController.swift */ = {isa = PBXFileReference; lastKnownFileType = sourcecode.swift; path = ProfileViewController.swift; sourceTree = "<group>"; };
		A2F88A152A1BF030008674AD /* Extensions.swift */ = {isa = PBXFileReference; lastKnownFileType = sourcecode.swift; path = Extensions.swift; sourceTree = "<group>"; };
/* End PBXFileReference section */

/* Begin PBXFrameworksBuildPhase section */
		A2D795232A1AD5600013FA3B /* Frameworks */ = {
			isa = PBXFrameworksBuildPhase;
			buildActionMask = 2147483647;
			files = (
			);
			runOnlyForDeploymentPostprocessing = 0;
		};
/* End PBXFrameworksBuildPhase section */

/* Begin PBXGroup section */
		A2428DEE2A2A13E200E6D000 /* Profile */ = {
			isa = PBXGroup;
			children = (
				A2F88A132A1BC9A5008674AD /* ProfileViewController.swift */,
				A2D7953F2A1AED650013FA3B /* SettingsViewController.swift */,
			);
			path = Profile;
			sourceTree = "<group>";
		};
		A2431B7C2A201A0600FF807E /* Model */ = {
			isa = PBXGroup;
			children = (
			);
			path = Model;
			sourceTree = "<group>";
		};
		A2431B7D2A201A1000FF807E /* View */ = {
			isa = PBXGroup;
			children = (
				A2431B802A201AA700FF807E /* Storyboards */,
			);
			path = View;
			sourceTree = "<group>";
		};
		A2431B7E2A201A1600FF807E /* Controller */ = {
			isa = PBXGroup;
			children = (
				A2D7953D2A1AD9220013FA3B /* TabBarController.swift */,
				A2D795412A1AF99D0013FA3B /* ClubViewController.swift */,
				A2D795432A1AF9AD0013FA3B /* CleanCarViewController.swift */,
				A2D795492A1B01860013FA3B /* OrdersViewController.swift */,
				A2428DEE2A2A13E200E6D000 /* Profile */,
				A20266A82A2BF84C00445C87 /* ServicesViewController.swift */,
			);
			path = Controller;
			sourceTree = "<group>";
		};
		A2431B7F2A201A9500FF807E /* Resources */ = {
			isa = PBXGroup;
			children = (
				A2D7952B2A1AD5600013FA3B /* SceneDelegate.swift */,
				A2D795292A1AD5600013FA3B /* AppDelegate.swift */,
				A2D795322A1AD5630013FA3B /* Assets.xcassets */,
				A2F88A152A1BF030008674AD /* Extensions.swift */,
			);
			path = Resources;
			sourceTree = "<group>";
		};
		A2431B802A201AA700FF807E /* Storyboards */ = {
			isa = PBXGroup;
			children = (
				A2D795342A1AD5630013FA3B /* LaunchScreen.storyboard */,
				A2D7952F2A1AD5600013FA3B /* Main.storyboard */,
			);
			path = Storyboards;
			sourceTree = "<group>";
		};
		A2D7951D2A1AD5600013FA3B = {
			isa = PBXGroup;
			children = (
				A2D795282A1AD5600013FA3B /* Czyste Auto */,
				A2D795272A1AD5600013FA3B /* Products */,
			);
			sourceTree = "<group>";
		};
		A2D795272A1AD5600013FA3B /* Products */ = {
			isa = PBXGroup;
			children = (
				A2D795262A1AD5600013FA3B /* Czyste Auto.app */,
			);
			name = Products;
			sourceTree = "<group>";
		};
		A2D795282A1AD5600013FA3B /* Czyste Auto */ = {
			isa = PBXGroup;
			children = (
				A2431B7F2A201A9500FF807E /* Resources */,
				A2431B7E2A201A1600FF807E /* Controller */,
				A2431B7D2A201A1000FF807E /* View */,
				A2431B7C2A201A0600FF807E /* Model */,
				A2D795372A1AD5630013FA3B /* Info.plist */,
			);
			path = "Czyste Auto";
			sourceTree = "<group>";
		};
/* End PBXGroup section */

/* Begin PBXNativeTarget section */
		A2D795252A1AD5600013FA3B /* Czyste Auto */ = {
			isa = PBXNativeTarget;
			buildConfigurationList = A2D7953A2A1AD5630013FA3B /* Build configuration list for PBXNativeTarget "Czyste Auto" */;
			buildPhases = (
				A2D795222A1AD5600013FA3B /* Sources */,
				A2D795232A1AD5600013FA3B /* Frameworks */,
				A2D795242A1AD5600013FA3B /* Resources */,
			);
			buildRules = (
			);
			dependencies = (
			);
			name = "Czyste Auto";
			productName = "Czyste Auto";
			productReference = A2D795262A1AD5600013FA3B /* Czyste Auto.app */;
			productType = "com.apple.product-type.application";
		};
/* End PBXNativeTarget section */

/* Begin PBXProject section */
		A2D7951E2A1AD5600013FA3B /* Project object */ = {
			isa = PBXProject;
			attributes = {
				BuildIndependentTargetsInParallel = 1;
				LastSwiftUpdateCheck = 1340;
				LastUpgradeCheck = 1340;
				TargetAttributes = {
					A2D795252A1AD5600013FA3B = {
						CreatedOnToolsVersion = 13.4;
					};
				};
			};
			buildConfigurationList = A2D795212A1AD5600013FA3B /* Build configuration list for PBXProject "Czyste Auto" */;
			compatibilityVersion = "Xcode 13.0";
			developmentRegion = en;
			hasScannedForEncodings = 0;
			knownRegions = (
				en,
				Base,
			);
			mainGroup = A2D7951D2A1AD5600013FA3B;
			productRefGroup = A2D795272A1AD5600013FA3B /* Products */;
			projectDirPath = "";
			projectRoot = "";
			targets = (
				A2D795252A1AD5600013FA3B /* Czyste Auto */,
			);
		};
/* End PBXProject section */

/* Begin PBXResourcesBuildPhase section */
		A2D795242A1AD5600013FA3B /* Resources */ = {
			isa = PBXResourcesBuildPhase;
			buildActionMask = 2147483647;
			files = (
				A2D795362A1AD5630013FA3B /* LaunchScreen.storyboard in Resources */,
				A2D795332A1AD5630013FA3B /* Assets.xcassets in Resources */,
				A2D795312A1AD5600013FA3B /* Main.storyboard in Resources */,
			);
			runOnlyForDeploymentPostprocessing = 0;
		};
/* End PBXResourcesBuildPhase section */

/* Begin PBXSourcesBuildPhase section */
		A2D795222A1AD5600013FA3B /* Sources */ = {
			isa = PBXSourcesBuildPhase;
			buildActionMask = 2147483647;
			files = (
				A2F88A142A1BC9A5008674AD /* ProfileViewController.swift in Sources */,
				A2D7953E2A1AD9220013FA3B /* TabBarController.swift in Sources */,
				A2D795442A1AF9AD0013FA3B /* CleanCarViewController.swift in Sources */,
				A2D7954A2A1B01860013FA3B /* OrdersViewController.swift in Sources */,
				A2D795422A1AF99D0013FA3B /* ClubViewController.swift in Sources */,
				A2D7952A2A1AD5600013FA3B /* AppDelegate.swift in Sources */,
				A2D795402A1AED650013FA3B /* SettingsViewController.swift in Sources */,
				A2F88A162A1BF030008674AD /* Extensions.swift in Sources */,
				A20266A92A2BF84C00445C87 /* ServicesViewController.swift in Sources */,
				A2D7952C2A1AD5600013FA3B /* SceneDelegate.swift in Sources */,
			);
			runOnlyForDeploymentPostprocessing = 0;
		};
/* End PBXSourcesBuildPhase section */

/* Begin PBXVariantGroup section */
		A2D7952F2A1AD5600013FA3B /* Main.storyboard */ = {
			isa = PBXVariantGroup;
			children = (
				A2D795302A1AD5600013FA3B /* Base */,
			);
			name = Main.storyboard;
			sourceTree = "<group>";
		};
		A2D795342A1AD5630013FA3B /* LaunchScreen.storyboard */ = {
			isa = PBXVariantGroup;
			children = (
				A2D795352A1AD5630013FA3B /* Base */,
			);
			name = LaunchScreen.storyboard;
			sourceTree = "<group>";
		};
/* End PBXVariantGroup section */

/* Begin XCBuildConfiguration section */
		A2D795382A1AD5630013FA3B /* Debug */ = {
			isa = XCBuildConfiguration;
			buildSettings = {
				ALWAYS_SEARCH_USER_PATHS = NO;
				CLANG_ANALYZER_NONNULL = YES;
				CLANG_ANALYZER_NUMBER_OBJECT_CONVERSION = YES_AGGRESSIVE;
				CLANG_CXX_LANGUAGE_STANDARD = "gnu++17";
				CLANG_ENABLE_MODULES = YES;
				CLANG_ENABLE_OBJC_ARC = YES;
				CLANG_ENABLE_OBJC_WEAK = YES;
				CLANG_WARN_BLOCK_CAPTURE_AUTORELEASING = YES;
				CLANG_WARN_BOOL_CONVERSION = YES;
				CLANG_WARN_COMMA = YES;
				CLANG_WARN_CONSTANT_CONVERSION = YES;
				CLANG_WARN_DEPRECATED_OBJC_IMPLEMENTATIONS = YES;
				CLANG_WARN_DIRECT_OBJC_ISA_USAGE = YES_ERROR;
				CLANG_WARN_DOCUMENTATION_COMMENTS = YES;
				CLANG_WARN_EMPTY_BODY = YES;
				CLANG_WARN_ENUM_CONVERSION = YES;
				CLANG_WARN_INFINITE_RECURSION = YES;
				CLANG_WARN_INT_CONVERSION = YES;
				CLANG_WARN_NON_LITERAL_NULL_CONVERSION = YES;
				CLANG_WARN_OBJC_IMPLICIT_RETAIN_SELF = YES;
				CLANG_WARN_OBJC_LITERAL_CONVERSION = YES;
				CLANG_WARN_OBJC_ROOT_CLASS = YES_ERROR;
				CLANG_WARN_QUOTED_INCLUDE_IN_FRAMEWORK_HEADER = YES;
				CLANG_WARN_RANGE_LOOP_ANALYSIS = YES;
				CLANG_WARN_STRICT_PROTOTYPES = YES;
				CLANG_WARN_SUSPICIOUS_MOVE = YES;
				CLANG_WARN_UNGUARDED_AVAILABILITY = YES_AGGRESSIVE;
				CLANG_WARN_UNREACHABLE_CODE = YES;
				CLANG_WARN__DUPLICATE_METHOD_MATCH = YES;
				COPY_PHASE_STRIP = NO;
				DEBUG_INFORMATION_FORMAT = dwarf;
				ENABLE_STRICT_OBJC_MSGSEND = YES;
				ENABLE_TESTABILITY = YES;
				GCC_C_LANGUAGE_STANDARD = gnu11;
				GCC_DYNAMIC_NO_PIC = NO;
				GCC_NO_COMMON_BLOCKS = YES;
				GCC_OPTIMIZATION_LEVEL = 0;
				GCC_PREPROCESSOR_DEFINITIONS = (
					"DEBUG=1",
					"$(inherited)",
				);
				GCC_WARN_64_TO_32_BIT_CONVERSION = YES;
				GCC_WARN_ABOUT_RETURN_TYPE = YES_ERROR;
				GCC_WARN_UNDECLARED_SELECTOR = YES;
				GCC_WARN_UNINITIALIZED_AUTOS = YES_AGGRESSIVE;
				GCC_WARN_UNUSED_FUNCTION = YES;
				GCC_WARN_UNUSED_VARIABLE = YES;
				IPHONEOS_DEPLOYMENT_TARGET = 15.5;
				MTL_ENABLE_DEBUG_INFO = INCLUDE_SOURCE;
				MTL_FAST_MATH = YES;
				ONLY_ACTIVE_ARCH = YES;
				SDKROOT = iphoneos;
				SWIFT_ACTIVE_COMPILATION_CONDITIONS = DEBUG;
				SWIFT_OPTIMIZATION_LEVEL = "-Onone";
			};
			name = Debug;
		};
		A2D795392A1AD5630013FA3B /* Release */ = {
			isa = XCBuildConfiguration;
			buildSettings = {
				ALWAYS_SEARCH_USER_PATHS = NO;
				CLANG_ANALYZER_NONNULL = YES;
				CLANG_ANALYZER_NUMBER_OBJECT_CONVERSION = YES_AGGRESSIVE;
				CLANG_CXX_LANGUAGE_STANDARD = "gnu++17";
				CLANG_ENABLE_MODULES = YES;
				CLANG_ENABLE_OBJC_ARC = YES;
				CLANG_ENABLE_OBJC_WEAK = YES;
				CLANG_WARN_BLOCK_CAPTURE_AUTORELEASING = YES;
				CLANG_WARN_BOOL_CONVERSION = YES;
				CLANG_WARN_COMMA = YES;
				CLANG_WARN_CONSTANT_CONVERSION = YES;
				CLANG_WARN_DEPRECATED_OBJC_IMPLEMENTATIONS = YES;
				CLANG_WARN_DIRECT_OBJC_ISA_USAGE = YES_ERROR;
				CLANG_WARN_DOCUMENTATION_COMMENTS = YES;
				CLANG_WARN_EMPTY_BODY = YES;
				CLANG_WARN_ENUM_CONVERSION = YES;
				CLANG_WARN_INFINITE_RECURSION = YES;
				CLANG_WARN_INT_CONVERSION = YES;
				CLANG_WARN_NON_LITERAL_NULL_CONVERSION = YES;
				CLANG_WARN_OBJC_IMPLICIT_RETAIN_SELF = YES;
				CLANG_WARN_OBJC_LITERAL_CONVERSION = YES;
				CLANG_WARN_OBJC_ROOT_CLASS = YES_ERROR;
				CLANG_WARN_QUOTED_INCLUDE_IN_FRAMEWORK_HEADER = YES;
				CLANG_WARN_RANGE_LOOP_ANALYSIS = YES;
				CLANG_WARN_STRICT_PROTOTYPES = YES;
				CLANG_WARN_SUSPICIOUS_MOVE = YES;
				CLANG_WARN_UNGUARDED_AVAILABILITY = YES_AGGRESSIVE;
				CLANG_WARN_UNREACHABLE_CODE = YES;
				CLANG_WARN__DUPLICATE_METHOD_MATCH = YES;
				COPY_PHASE_STRIP = NO;
				DEBUG_INFORMATION_FORMAT = "dwarf-with-dsym";
				ENABLE_NS_ASSERTIONS = NO;
				ENABLE_STRICT_OBJC_MSGSEND = YES;
				GCC_C_LANGUAGE_STANDARD = gnu11;
				GCC_NO_COMMON_BLOCKS = YES;
				GCC_WARN_64_TO_32_BIT_CONVERSION = YES;
				GCC_WARN_ABOUT_RETURN_TYPE = YES_ERROR;
				GCC_WARN_UNDECLARED_SELECTOR = YES;
				GCC_WARN_UNINITIALIZED_AUTOS = YES_AGGRESSIVE;
				GCC_WARN_UNUSED_FUNCTION = YES;
				GCC_WARN_UNUSED_VARIABLE = YES;
				IPHONEOS_DEPLOYMENT_TARGET = 15.5;
				MTL_ENABLE_DEBUG_INFO = NO;
				MTL_FAST_MATH = YES;
				SDKROOT = iphoneos;
				SWIFT_COMPILATION_MODE = wholemodule;
				SWIFT_OPTIMIZATION_LEVEL = "-O";
				VALIDATE_PRODUCT = YES;
			};
			name = Release;
		};
		A2D7953B2A1AD5630013FA3B /* Debug */ = {
			isa = XCBuildConfiguration;
			buildSettings = {
				ASSETCATALOG_COMPILER_APPICON_NAME = AppIcon;
				ASSETCATALOG_COMPILER_GLOBAL_ACCENT_COLOR_NAME = AccentColor;
				CODE_SIGN_STYLE = Automatic;
				CURRENT_PROJECT_VERSION = 1;
				DEVELOPMENT_TEAM = 323SMA9H24;
				GENERATE_INFOPLIST_FILE = YES;
				INFOPLIST_FILE = "Czyste Auto/Info.plist";
				INFOPLIST_KEY_UIApplicationSupportsIndirectInputEvents = YES;
				INFOPLIST_KEY_UILaunchStoryboardName = LaunchScreen;
				INFOPLIST_KEY_UIMainStoryboardFile = Main;
				INFOPLIST_KEY_UISupportedInterfaceOrientations_iPad = "UIInterfaceOrientationPortrait UIInterfaceOrientationPortraitUpsideDown UIInterfaceOrientationLandscapeLeft UIInterfaceOrientationLandscapeRight";
				INFOPLIST_KEY_UISupportedInterfaceOrientations_iPhone = "UIInterfaceOrientationPortrait UIInterfaceOrientationLandscapeLeft UIInterfaceOrientationLandscapeRight";
				LD_RUNPATH_SEARCH_PATHS = (
					"$(inherited)",
					"@executable_path/Frameworks",
				);
				MARKETING_VERSION = 1.0;
				PRODUCT_BUNDLE_IDENTIFIER = "adrianderdas.Czyste-Auto";
				PRODUCT_NAME = "$(TARGET_NAME)";
				SWIFT_EMIT_LOC_STRINGS = YES;
				SWIFT_VERSION = 5.0;
				TARGETED_DEVICE_FAMILY = 1;
			};
			name = Debug;
		};
		A2D7953C2A1AD5630013FA3B /* Release */ = {
			isa = XCBuildConfiguration;
			buildSettings = {
				ASSETCATALOG_COMPILER_APPICON_NAME = AppIcon;
				ASSETCATALOG_COMPILER_GLOBAL_ACCENT_COLOR_NAME = AccentColor;
				CODE_SIGN_STYLE = Automatic;
				CURRENT_PROJECT_VERSION = 1;
				DEVELOPMENT_TEAM = 323SMA9H24;
				GENERATE_INFOPLIST_FILE = YES;
				INFOPLIST_FILE = "Czyste Auto/Info.plist";
				INFOPLIST_KEY_UIApplicationSupportsIndirectInputEvents = YES;
				INFOPLIST_KEY_UILaunchStoryboardName = LaunchScreen;
				INFOPLIST_KEY_UIMainStoryboardFile = Main;
				INFOPLIST_KEY_UISupportedInterfaceOrientations_iPad = "UIInterfaceOrientationPortrait UIInterfaceOrientationPortraitUpsideDown UIInterfaceOrientationLandscapeLeft UIInterfaceOrientationLandscapeRight";
				INFOPLIST_KEY_UISupportedInterfaceOrientations_iPhone = "UIInterfaceOrientationPortrait UIInterfaceOrientationLandscapeLeft UIInterfaceOrientationLandscapeRight";
				LD_RUNPATH_SEARCH_PATHS = (
					"$(inherited)",
					"@executable_path/Frameworks",
				);
				MARKETING_VERSION = 1.0;
				PRODUCT_BUNDLE_IDENTIFIER = "adrianderdas.Czyste-Auto";
				PRODUCT_NAME = "$(TARGET_NAME)";
				SWIFT_EMIT_LOC_STRINGS = YES;
				SWIFT_VERSION = 5.0;
				TARGETED_DEVICE_FAMILY = 1;
			};
			name = Release;
		};
/* End XCBuildConfiguration section */

/* Begin XCConfigurationList section */
		A2D795212A1AD5600013FA3B /* Build configuration list for PBXProject "Czyste Auto" */ = {
			isa = XCConfigurationList;
			buildConfigurations = (
				A2D795382A1AD5630013FA3B /* Debug */,
				A2D795392A1AD5630013FA3B /* Release */,
			);
			defaultConfigurationIsVisible = 0;
			defaultConfigurationName = Release;
		};
		A2D7953A2A1AD5630013FA3B /* Build configuration list for PBXNativeTarget "Czyste Auto" */ = {
			isa = XCConfigurationList;
			buildConfigurations = (
				A2D7953B2A1AD5630013FA3B /* Debug */,
				A2D7953C2A1AD5630013FA3B /* Release */,
			);
			defaultConfigurationIsVisible = 0;
			defaultConfigurationName = Release;
		};
/* End XCConfigurationList section */
	};
	rootObject = A2D7951E2A1AD5600013FA3B /* Project object */;
}
